// !$*UTF8*$!
{
	archiveVersion = 1;
	classes = {
	};
	objectVersion = 50;
	objects = {

/* Begin PBXBuildFile section */
		D40B53DD24505AEA0045BB8F /* AppDelegate.swift in Sources */ = {isa = PBXBuildFile; fileRef = D40B53DC24505AEA0045BB8F /* AppDelegate.swift */; };
		D40B53DF24505AEA0045BB8F /* SceneDelegate.swift in Sources */ = {isa = PBXBuildFile; fileRef = D40B53DE24505AEA0045BB8F /* SceneDelegate.swift */; };
		D40B53E124505AEA0045BB8F /* LoginViewController.swift in Sources */ = {isa = PBXBuildFile; fileRef = D40B53E024505AEA0045BB8F /* LoginViewController.swift */; };
		D40B53E424505AEA0045BB8F /* Main.storyboard in Resources */ = {isa = PBXBuildFile; fileRef = D40B53E224505AEA0045BB8F /* Main.storyboard */; };
		D40B53E624505AEA0045BB8F /* Assets.xcassets in Resources */ = {isa = PBXBuildFile; fileRef = D40B53E524505AEA0045BB8F /* Assets.xcassets */; };
		D40B53E924505AEA0045BB8F /* LaunchScreen.storyboard in Resources */ = {isa = PBXBuildFile; fileRef = D40B53E724505AEA0045BB8F /* LaunchScreen.storyboard */; };
		D40B53F124505B480045BB8F /* CompleteViewController.swift in Sources */ = {isa = PBXBuildFile; fileRef = D40B53F024505B480045BB8F /* CompleteViewController.swift */; };
		D40B53F324505B7E0045BB8F /* SignUpViewController.swift in Sources */ = {isa = PBXBuildFile; fileRef = D40B53F224505B7E0045BB8F /* SignUpViewController.swift */; };
/* End PBXBuildFile section */

/* Begin PBXFileReference section */
		D40B53D924505AEA0045BB8F /* iOS_firstAssignment_login.app */ = {isa = PBXFileReference; explicitFileType = wrapper.application; includeInIndex = 0; path = iOS_firstAssignment_login.app; sourceTree = BUILT_PRODUCTS_DIR; };
		D40B53DC24505AEA0045BB8F /* AppDelegate.swift */ = {isa = PBXFileReference; lastKnownFileType = sourcecode.swift; path = AppDelegate.swift; sourceTree = "<group>"; };
		D40B53DE24505AEA0045BB8F /* SceneDelegate.swift */ = {isa = PBXFileReference; lastKnownFileType = sourcecode.swift; path = SceneDelegate.swift; sourceTree = "<group>"; };
		D40B53E024505AEA0045BB8F /* LoginViewController.swift */ = {isa = PBXFileReference; lastKnownFileType = sourcecode.swift; path = LoginViewController.swift; sourceTree = "<group>"; };
		D40B53E324505AEA0045BB8F /* Base */ = {isa = PBXFileReference; lastKnownFileType = file.storyboard; name = Base; path = Base.lproj/Main.storyboard; sourceTree = "<group>"; };
		D40B53E524505AEA0045BB8F /* Assets.xcassets */ = {isa = PBXFileReference; lastKnownFileType = folder.assetcatalog; path = Assets.xcassets; sourceTree = "<group>"; };
		D40B53E824505AEA0045BB8F /* Base */ = {isa = PBXFileReference; lastKnownFileType = file.storyboard; name = Base; path = Base.lproj/LaunchScreen.storyboard; sourceTree = "<group>"; };
		D40B53EA24505AEA0045BB8F /* Info.plist */ = {isa = PBXFileReference; lastKnownFileType = text.plist.xml; path = Info.plist; sourceTree = "<group>"; };
		D40B53F024505B480045BB8F /* CompleteViewController.swift */ = {isa = PBXFileReference; lastKnownFileType = sourcecode.swift; path = CompleteViewController.swift; sourceTree = "<group>"; };
		D40B53F224505B7E0045BB8F /* SignUpViewController.swift */ = {isa = PBXFileReference; lastKnownFileType = sourcecode.swift; path = SignUpViewController.swift; sourceTree = "<group>"; };
/* End PBXFileReference section */

/* Begin PBXFrameworksBuildPhase section */
		D40B53D624505AEA0045BB8F /* Frameworks */ = {
			isa = PBXFrameworksBuildPhase;
			buildActionMask = 2147483647;
			files = (
			);
			runOnlyForDeploymentPostprocessing = 0;
		};
/* End PBXFrameworksBuildPhase section */

/* Begin PBXGroup section */
		D40B53D024505AEA0045BB8F = {
			isa = PBXGroup;
			children = (
				D40B53DB24505AEA0045BB8F /* iOS_firstAssignment_login */,
				D40B53DA24505AEA0045BB8F /* Products */,
			);
			sourceTree = "<group>";
		};
		D40B53DA24505AEA0045BB8F /* Products */ = {
			isa = PBXGroup;
			children = (
				D40B53D924505AEA0045BB8F /* iOS_firstAssignment_login.app */,
			);
			name = Products;
			sourceTree = "<group>";
		};
		D40B53DB24505AEA0045BB8F /* iOS_firstAssignment_login */ = {
			isa = PBXGroup;
			children = (
				D40B53DC24505AEA0045BB8F /* AppDelegate.swift */,
				D40B53DE24505AEA0045BB8F /* SceneDelegate.swift */,
				D40B53E024505AEA0045BB8F /* LoginViewController.swift */,
				D40B53E224505AEA0045BB8F /* Main.storyboard */,
				D40B53E524505AEA0045BB8F /* Assets.xcassets */,
				D40B53E724505AEA0045BB8F /* LaunchScreen.storyboard */,
				D40B53EA24505AEA0045BB8F /* Info.plist */,
				D40B53F024505B480045BB8F /* CompleteViewController.swift */,
				D40B53F224505B7E0045BB8F /* SignUpViewController.swift */,
			);
			path = iOS_firstAssignment_login;
			sourceTree = "<group>";
		};
/* End PBXGroup section */

/* Begin PBXNativeTarget section */
		D40B53D824505AEA0045BB8F /* iOS_firstAssignment_login */ = {
			isa = PBXNativeTarget;
			buildConfigurationList = D40B53ED24505AEA0045BB8F /* Build configuration list for PBXNativeTarget "iOS_firstAssignment_login" */;
			buildPhases = (
				D40B53D524505AEA0045BB8F /* Sources */,
				D40B53D624505AEA0045BB8F /* Frameworks */,
				D40B53D724505AEA0045BB8F /* Resources */,
			);
			buildRules = (
			);
			dependencies = (
			);
			name = iOS_firstAssignment_login;
			productName = iOS_firstAssignment_login;
			productReference = D40B53D924505AEA0045BB8F /* iOS_firstAssignment_login.app */;
			productType = "com.apple.product-type.application";
		};
/* End PBXNativeTarget section */

/* Begin PBXProject section */
		D40B53D124505AEA0045BB8F /* Project object */ = {
			isa = PBXProject;
			attributes = {
				LastSwiftUpdateCheck = 1140;
				LastUpgradeCheck = 1140;
				ORGANIZATIONNAME = "jaeyong Lee";
				TargetAttributes = {
					D40B53D824505AEA0045BB8F = {
						CreatedOnToolsVersion = 11.4;
					};
				};
			};
			buildConfigurationList = D40B53D424505AEA0045BB8F /* Build configuration list for PBXProject "iOS_firstAssignment_login" */;
			compatibilityVersion = "Xcode 9.3";
			developmentRegion = en;
			hasScannedForEncodings = 0;
			knownRegions = (
				en,
				Base,
			);
			mainGroup = D40B53D024505AEA0045BB8F;
			productRefGroup = D40B53DA24505AEA0045BB8F /* Products */;
			projectDirPath = "";
			projectRoot = "";
			targets = (
				D40B53D824505AEA0045BB8F /* iOS_firstAssignment_login */,
			);
		};
/* End PBXProject section */

/* Begin PBXResourcesBuildPhase section */
		D40B53D724505AEA0045BB8F /* Resources */ = {
			isa = PBXResourcesBuildPhase;
			buildActionMask = 2147483647;
			files = (
				D40B53E924505AEA0045BB8F /* LaunchScreen.storyboard in Resources */,
				D40B53E624505AEA0045BB8F /* Assets.xcassets in Resources */,
				D40B53E424505AEA0045BB8F /* Main.storyboard in Resources */,
			);
			runOnlyForDeploymentPostprocessing = 0;
		};
/* End PBXResourcesBuildPhase section */

/* Begin PBXSourcesBuildPhase section */
		D40B53D524505AEA0045BB8F /* Sources */ = {
			isa = PBXSourcesBuildPhase;
			buildActionMask = 2147483647;
			files = (
				D40B53E124505AEA0045BB8F /* LoginViewController.swift in Sources */,
				D40B53DD24505AEA0045BB8F /* AppDelegate.swift in Sources */,
				D40B53DF24505AEA0045BB8F /* SceneDelegate.swift in Sources */,
				D40B53F124505B480045BB8F /* CompleteViewController.swift in Sources */,
				D40B53F324505B7E0045BB8F /* SignUpViewController.swift in Sources */,
			);
			runOnlyForDeploymentPostprocessing = 0;
		};
/* End PBXSourcesBuildPhase section */

/* Begin PBXVariantGroup section */
		D40B53E224505AEA0045BB8F /* Main.storyboard */ = {
			isa = PBXVariantGroup;
			children = (
				D40B53E324505AEA0045BB8F /* Base */,
			);
			name = Main.storyboard;
			sourceTree = "<group>";
		};
		D40B53E724505AEA0045BB8F /* LaunchScreen.storyboard */ = {
			isa = PBXVariantGroup;
			children = (
				D40B53E824505AEA0045BB8F /* Base */,
			);
			name = LaunchScreen.storyboard;
			sourceTree = "<group>";
		};
/* End PBXVariantGroup section */

/* Begin XCBuildConfiguration section */
		D40B53EB24505AEA0045BB8F /* Debug */ = {
			isa = XCBuildConfiguration;
			buildSettings = {
				ALWAYS_SEARCH_USER_PATHS = NO;
				CLANG_ANALYZER_NONNULL = YES;
				CLANG_ANALYZER_NUMBER_OBJECT_CONVERSION = YES_AGGRESSIVE;
				CLANG_CXX_LANGUAGE_STANDARD = "gnu++14";
				CLANG_CXX_LIBRARY = "libc++";
				CLANG_ENABLE_MODULES = YES;
				CLANG_ENABLE_OBJC_ARC = YES;
				CLANG_ENABLE_OBJC_WEAK = YES;
				CLANG_WARN_BLOCK_CAPTURE_AUTORELEASING = YES;
				CLANG_WARN_BOOL_CONVERSION = YES;
				CLANG_WARN_COMMA = YES;
				CLANG_WARN_CONSTANT_CONVERSION = YES;
				CLANG_WARN_DEPRECATED_OBJC_IMPLEMENTATIONS = YES;
				CLANG_WARN_DIRECT_OBJC_ISA_USAGE = YES_ERROR;
				CLANG_WARN_DOCUMENTATION_COMMENTS = YES;
				CLANG_WARN_EMPTY_BODY = YES;
				CLANG_WARN_ENUM_CONVERSION = YES;
				CLANG_WARN_INFINITE_RECURSION = YES;
				CLANG_WARN_INT_CONVERSION = YES;
				CLANG_WARN_NON_LITERAL_NULL_CONVERSION = YES;
				CLANG_WARN_OBJC_IMPLICIT_RETAIN_SELF = YES;
				CLANG_WARN_OBJC_LITERAL_CONVERSION = YES;
				CLANG_WARN_OBJC_ROOT_CLASS = YES_ERROR;
				CLANG_WARN_RANGE_LOOP_ANALYSIS = YES;
				CLANG_WARN_STRICT_PROTOTYPES = YES;
				CLANG_WARN_SUSPICIOUS_MOVE = YES;
				CLANG_WARN_UNGUARDED_AVAILABILITY = YES_AGGRESSIVE;
				CLANG_WARN_UNREACHABLE_CODE = YES;
				CLANG_WARN__DUPLICATE_METHOD_MATCH = YES;
				COPY_PHASE_STRIP = NO;
				DEBUG_INFORMATION_FORMAT = dwarf;
				ENABLE_STRICT_OBJC_MSGSEND = YES;
				ENABLE_TESTABILITY = YES;
				GCC_C_LANGUAGE_STANDARD = gnu11;
				GCC_DYNAMIC_NO_PIC = NO;
				GCC_NO_COMMON_BLOCKS = YES;
				GCC_OPTIMIZATION_LEVEL = 0;
				GCC_PREPROCESSOR_DEFINITIONS = (
					"DEBUG=1",
					"$(inherited)",
				);
				GCC_WARN_64_TO_32_BIT_CONVERSION = YES;
				GCC_WARN_ABOUT_RETURN_TYPE = YES_ERROR;
				GCC_WARN_UNDECLARED_SELECTOR = YES;
				GCC_WARN_UNINITIALIZED_AUTOS = YES_AGGRESSIVE;
				GCC_WARN_UNUSED_FUNCTION = YES;
				GCC_WARN_UNUSED_VARIABLE = YES;
				IPHONEOS_DEPLOYMENT_TARGET = 13.4;
				MTL_ENABLE_DEBUG_INFO = INCLUDE_SOURCE;
				MTL_FAST_MATH = YES;
				ONLY_ACTIVE_ARCH = YES;
				SDKROOT = iphoneos;
				SWIFT_ACTIVE_COMPILATION_CONDITIONS = DEBUG;
				SWIFT_OPTIMIZATION_LEVEL = "-Onone";
			};
			name = Debug;
		};
		D40B53EC24505AEA0045BB8F /* Release */ = {
			isa = XCBuildConfiguration;
			buildSettings = {
				ALWAYS_SEARCH_USER_PATHS = NO;
				CLANG_ANALYZER_NONNULL = YES;
				CLANG_ANALYZER_NUMBER_OBJECT_CONVERSION = YES_AGGRESSIVE;
				CLANG_CXX_LANGUAGE_STANDARD = "gnu++14";
				CLANG_CXX_LIBRARY = "libc++";
				CLANG_ENABLE_MODULES = YES;
				CLANG_ENABLE_OBJC_ARC = YES;
				CLANG_ENABLE_OBJC_WEAK = YES;
				CLANG_WARN_BLOCK_CAPTURE_AUTORELEASING = YES;
				CLANG_WARN_BOOL_CONVERSION = YES;
				CLANG_WARN_COMMA = YES;
				CLANG_WARN_CONSTANT_CONVERSION = YES;
				CLANG_WARN_DEPRECATED_OBJC_IMPLEMENTATIONS = YES;
				CLANG_WARN_DIRECT_OBJC_ISA_USAGE = YES_ERROR;
				CLANG_WARN_DOCUMENTATION_COMMENTS = YES;
				CLANG_WARN_EMPTY_BODY = YES;
				CLANG_WARN_ENUM_CONVERSION = YES;
				CLANG_WARN_INFINITE_RECURSION = YES;
				CLANG_WARN_INT_CONVERSION = YES;
				CLANG_WARN_NON_LITERAL_NULL_CONVERSION = YES;
				CLANG_WARN_OBJC_IMPLICIT_RETAIN_SELF = YES;
				CLANG_WARN_OBJC_LITERAL_CONVERSION = YES;
				CLANG_WARN_OBJC_ROOT_CLASS = YES_ERROR;
				CLANG_WARN_RANGE_LOOP_ANALYSIS = YES;
				CLANG_WARN_STRICT_PROTOTYPES = YES;
				CLANG_WARN_SUSPICIOUS_MOVE = YES;
				CLANG_WARN_UNGUARDED_AVAILABILITY = YES_AGGRESSIVE;
				CLANG_WARN_UNREACHABLE_CODE = YES;
				CLANG_WARN__DUPLICATE_METHOD_MATCH = YES;
				COPY_PHASE_STRIP = NO;
				DEBUG_INFORMATION_FORMAT = "dwarf-with-dsym";
				ENABLE_NS_ASSERTIONS = NO;
				ENABLE_STRICT_OBJC_MSGSEND = YES;
				GCC_C_LANGUAGE_STANDARD = gnu11;
				GCC_NO_COMMON_BLOCKS = YES;
				GCC_WARN_64_TO_32_BIT_CONVERSION = YES;
				GCC_WARN_ABOUT_RETURN_TYPE = YES_ERROR;
				GCC_WARN_UNDECLARED_SELECTOR = YES;
				GCC_WARN_UNINITIALIZED_AUTOS = YES_AGGRESSIVE;
				GCC_WARN_UNUSED_FUNCTION = YES;
				GCC_WARN_UNUSED_VARIABLE = YES;
				IPHONEOS_DEPLOYMENT_TARGET = 13.4;
				MTL_ENABLE_DEBUG_INFO = NO;
				MTL_FAST_MATH = YES;
				SDKROOT = iphoneos;
				SWIFT_COMPILATION_MODE = wholemodule;
				SWIFT_OPTIMIZATION_LEVEL = "-O";
				VALIDATE_PRODUCT = YES;
			};
			name = Release;
		};
		D40B53EE24505AEA0045BB8F /* Debug */ = {
			isa = XCBuildConfiguration;
			buildSettings = {
				ASSETCATALOG_COMPILER_APPICON_NAME = AppIcon;
				CODE_SIGN_STYLE = Automatic;
				DEVELOPMENT_TEAM = TZVHD77BLL;
				INFOPLIST_FILE = iOS_firstAssignment_login/Info.plist;
				LD_RUNPATH_SEARCH_PATHS = (
					"$(inherited)",
					"@executable_path/Frameworks",
				);
				PRODUCT_BUNDLE_IDENTIFIER = "com.jaeyong.iOS-firstAssignment-login";
				PRODUCT_NAME = "$(TARGET_NAME)";
				SWIFT_VERSION = 5.0;
				TARGETED_DEVICE_FAMILY = "1,2";
			};
			name = Debug;
		};
		D40B53EF24505AEA0045BB8F /* Release */ = {
			isa = XCBuildConfiguration;
			buildSettings = {
				ASSETCATALOG_COMPILER_APPICON_NAME = AppIcon;
				CODE_SIGN_STYLE = Automatic;
				DEVELOPMENT_TEAM = TZVHD77BLL;
				INFOPLIST_FILE = iOS_firstAssignment_login/Info.plist;
				LD_RUNPATH_SEARCH_PATHS = (
					"$(inherited)",
					"@executable_path/Frameworks",
				);
				PRODUCT_BUNDLE_IDENTIFIER = "com.jaeyong.iOS-firstAssignment-login";
				PRODUCT_NAME = "$(TARGET_NAME)";
				SWIFT_VERSION = 5.0;
				TARGETED_DEVICE_FAMILY = "1,2";
			};
			name = Release;
		};
/* End XCBuildConfiguration section */

/* Begin XCConfigurationList section */
		D40B53D424505AEA0045BB8F /* Build configuration list for PBXProject "iOS_firstAssignment_login" */ = {
			isa = XCConfigurationList;
			buildConfigurations = (
				D40B53EB24505AEA0045BB8F /* Debug */,
				D40B53EC24505AEA0045BB8F /* Release */,
			);
			defaultConfigurationIsVisible = 0;
			defaultConfigurationName = Release;
		};
		D40B53ED24505AEA0045BB8F /* Build configuration list for PBXNativeTarget "iOS_firstAssignment_login" */ = {
			isa = XCConfigurationList;
			buildConfigurations = (
				D40B53EE24505AEA0045BB8F /* Debug */,
				D40B53EF24505AEA0045BB8F /* Release */,
			);
			defaultConfigurationIsVisible = 0;
			defaultConfigurationName = Release;
		};
/* End XCConfigurationList section */
	};
	rootObject = D40B53D124505AEA0045BB8F /* Project object */;
}
