// !$*UTF8*$!
{
	archiveVersion = 1;
	classes = {
	};
	objectVersion = 51;
	objects = {

/* Begin PBXBuildFile section */
		70E170E00DA8A8C3E9249E4C /* Pods_NaverBand.framework in Frameworks */ = {isa = PBXBuildFile; fileRef = 9F3D5188B74E58727FF2434B /* Pods_NaverBand.framework */; };
		D4208FB1247A49BB00F868E4 /* AppDelegate.swift in Sources */ = {isa = PBXBuildFile; fileRef = D4208FB0247A49BB00F868E4 /* AppDelegate.swift */; };
		D4208FB3247A49BB00F868E4 /* SceneDelegate.swift in Sources */ = {isa = PBXBuildFile; fileRef = D4208FB2247A49BB00F868E4 /* SceneDelegate.swift */; };
		D4208FB8247A49BB00F868E4 /* Main.storyboard in Resources */ = {isa = PBXBuildFile; fileRef = D4208FB6247A49BB00F868E4 /* Main.storyboard */; };
		D4208FBA247A49BB00F868E4 /* Assets.xcassets in Resources */ = {isa = PBXBuildFile; fileRef = D4208FB9247A49BB00F868E4 /* Assets.xcassets */; };
		D4208FBD247A49BB00F868E4 /* LaunchScreen.storyboard in Resources */ = {isa = PBXBuildFile; fileRef = D4208FBB247A49BB00F868E4 /* LaunchScreen.storyboard */; };
		D438F2712490C05A00965BC9 /* One.storyboard in Resources */ = {isa = PBXBuildFile; fileRef = D438F2702490C05A00965BC9 /* One.storyboard */; };
		D438F2732490C07800965BC9 /* Two.storyboard in Resources */ = {isa = PBXBuildFile; fileRef = D438F2722490C07800965BC9 /* Two.storyboard */; };
		D438F2752490C08200965BC9 /* Search.storyboard in Resources */ = {isa = PBXBuildFile; fileRef = D438F2742490C08200965BC9 /* Search.storyboard */; };
		D438F2772490C0B200965BC9 /* Mypage.storyboard in Resources */ = {isa = PBXBuildFile; fileRef = D438F2762490C0B200965BC9 /* Mypage.storyboard */; };
		D438F2792490C20000965BC9 /* OneViewController.swift in Sources */ = {isa = PBXBuildFile; fileRef = D438F2782490C20000965BC9 /* OneViewController.swift */; };
		D438F27B2490C20700965BC9 /* TwoViewController.swift in Sources */ = {isa = PBXBuildFile; fileRef = D438F27A2490C20700965BC9 /* TwoViewController.swift */; };
		D438F27D2490C21F00965BC9 /* FourViewController.swift in Sources */ = {isa = PBXBuildFile; fileRef = D438F27C2490C21F00965BC9 /* FourViewController.swift */; };
		D438F27F2490C31E00965BC9 /* TabBarViewController.swift in Sources */ = {isa = PBXBuildFile; fileRef = D438F27E2490C31E00965BC9 /* TabBarViewController.swift */; };
		D438F2812490C59000965BC9 /* Four.storyboard in Resources */ = {isa = PBXBuildFile; fileRef = D438F2802490C59000965BC9 /* Four.storyboard */; };
		D438F2832490DCF300965BC9 /* NewBandData.swift in Sources */ = {isa = PBXBuildFile; fileRef = D438F2822490DCF300965BC9 /* NewBandData.swift */; };
		D438F2852490DCFE00965BC9 /* NewBandService.swift in Sources */ = {isa = PBXBuildFile; fileRef = D438F2842490DCFE00965BC9 /* NewBandService.swift */; };
		D438F2882490DDD700965BC9 /* NetworkResult.swift in Sources */ = {isa = PBXBuildFile; fileRef = D438F2862490DDD700965BC9 /* NetworkResult.swift */; };
		D438F2892490DDD700965BC9 /* APIConstants.swift in Sources */ = {isa = PBXBuildFile; fileRef = D438F2872490DDD700965BC9 /* APIConstants.swift */; };
		D438F28C2490EB3E00965BC9 /* RecommendPageData.swift in Sources */ = {isa = PBXBuildFile; fileRef = D438F28B2490EB3E00965BC9 /* RecommendPageData.swift */; };
		D438F28E2490EB4900965BC9 /* RecommendBandData.swift in Sources */ = {isa = PBXBuildFile; fileRef = D438F28D2490EB4900965BC9 /* RecommendBandData.swift */; };
		D438F2902490EB6000965BC9 /* NewNoticeData.swift in Sources */ = {isa = PBXBuildFile; fileRef = D438F28F2490EB6000965BC9 /* NewNoticeData.swift */; };
		D438F2962490F1A900965BC9 /* RecommendPageService.swift in Sources */ = {isa = PBXBuildFile; fileRef = D438F2952490F1A900965BC9 /* RecommendPageService.swift */; };
		D438F2982490F1BD00965BC9 /* RecommendBandService.swift in Sources */ = {isa = PBXBuildFile; fileRef = D438F2972490F1BD00965BC9 /* RecommendBandService.swift */; };
		D438F29A2490F36900965BC9 /* NewNoticeService.swift in Sources */ = {isa = PBXBuildFile; fileRef = D438F2992490F36900965BC9 /* NewNoticeService.swift */; };
		D45D59EB247EADF000ABC42C /* NewBandCell.swift in Sources */ = {isa = PBXBuildFile; fileRef = D45D59EA247EADF000ABC42C /* NewBandCell.swift */; };
		D45D59F0247EB01100ABC42C /* UIColor.swift in Sources */ = {isa = PBXBuildFile; fileRef = D45D59EF247EB01100ABC42C /* UIColor.swift */; };
		D46D4587247DED1F004F9CC9 /* FormTextField.swift in Sources */ = {isa = PBXBuildFile; fileRef = D46D4586247DED1F004F9CC9 /* FormTextField.swift */; };
		D488B1E624814FC50062BF5C /* NewsCell.swift in Sources */ = {isa = PBXBuildFile; fileRef = D488B1E524814FC50062BF5C /* NewsCell.swift */; };
		D4AC71202480C21C0006FDAE /* RecommendPageCell.swift in Sources */ = {isa = PBXBuildFile; fileRef = D4AC711F2480C21C0006FDAE /* RecommendPageCell.swift */; };
		D4AC71262480D19C0006FDAE /* RecommendBandCell.swift in Sources */ = {isa = PBXBuildFile; fileRef = D4AC71252480D19C0006FDAE /* RecommendBandCell.swift */; };
		D4BCBD51247B85CE007590B5 /* MypageViewController.swift in Sources */ = {isa = PBXBuildFile; fileRef = D4BCBD50247B85CE007590B5 /* MypageViewController.swift */; };
		D4BCBD53247B85EC007590B5 /* SearchViewController.swift in Sources */ = {isa = PBXBuildFile; fileRef = D4BCBD52247B85EC007590B5 /* SearchViewController.swift */; };
/* End PBXBuildFile section */

/* Begin PBXFileReference section */
		2D2DD787CEB7252E89DB7694 /* Pods-NaverBand.release.xcconfig */ = {isa = PBXFileReference; includeInIndex = 1; lastKnownFileType = text.xcconfig; name = "Pods-NaverBand.release.xcconfig"; path = "Target Support Files/Pods-NaverBand/Pods-NaverBand.release.xcconfig"; sourceTree = "<group>"; };
		9F3D5188B74E58727FF2434B /* Pods_NaverBand.framework */ = {isa = PBXFileReference; explicitFileType = wrapper.framework; includeInIndex = 0; path = Pods_NaverBand.framework; sourceTree = BUILT_PRODUCTS_DIR; };
		AD518A79D8550B8FCF3EC107 /* Pods-NaverBand.debug.xcconfig */ = {isa = PBXFileReference; includeInIndex = 1; lastKnownFileType = text.xcconfig; name = "Pods-NaverBand.debug.xcconfig"; path = "Target Support Files/Pods-NaverBand/Pods-NaverBand.debug.xcconfig"; sourceTree = "<group>"; };
		D4208FAD247A49BB00F868E4 /* NaverBand.app */ = {isa = PBXFileReference; explicitFileType = wrapper.application; includeInIndex = 0; path = NaverBand.app; sourceTree = BUILT_PRODUCTS_DIR; };
		D4208FB0247A49BB00F868E4 /* AppDelegate.swift */ = {isa = PBXFileReference; lastKnownFileType = sourcecode.swift; path = AppDelegate.swift; sourceTree = "<group>"; };
		D4208FB2247A49BB00F868E4 /* SceneDelegate.swift */ = {isa = PBXFileReference; lastKnownFileType = sourcecode.swift; path = SceneDelegate.swift; sourceTree = "<group>"; };
		D4208FB7247A49BB00F868E4 /* Base */ = {isa = PBXFileReference; lastKnownFileType = file.storyboard; name = Base; path = Base.lproj/Main.storyboard; sourceTree = "<group>"; };
		D4208FB9247A49BB00F868E4 /* Assets.xcassets */ = {isa = PBXFileReference; lastKnownFileType = folder.assetcatalog; path = Assets.xcassets; sourceTree = "<group>"; };
		D4208FBC247A49BB00F868E4 /* Base */ = {isa = PBXFileReference; lastKnownFileType = file.storyboard; name = Base; path = Base.lproj/LaunchScreen.storyboard; sourceTree = "<group>"; };
		D4208FBE247A49BB00F868E4 /* Info.plist */ = {isa = PBXFileReference; lastKnownFileType = text.plist.xml; path = Info.plist; sourceTree = "<group>"; };
		D438F2702490C05A00965BC9 /* One.storyboard */ = {isa = PBXFileReference; lastKnownFileType = file.storyboard; path = One.storyboard; sourceTree = "<group>"; };
		D438F2722490C07800965BC9 /* Two.storyboard */ = {isa = PBXFileReference; lastKnownFileType = file.storyboard; path = Two.storyboard; sourceTree = "<group>"; };
		D438F2742490C08200965BC9 /* Search.storyboard */ = {isa = PBXFileReference; lastKnownFileType = file.storyboard; path = Search.storyboard; sourceTree = "<group>"; };
		D438F2762490C0B200965BC9 /* Mypage.storyboard */ = {isa = PBXFileReference; lastKnownFileType = file.storyboard; path = Mypage.storyboard; sourceTree = "<group>"; };
		D438F2782490C20000965BC9 /* OneViewController.swift */ = {isa = PBXFileReference; lastKnownFileType = sourcecode.swift; path = OneViewController.swift; sourceTree = "<group>"; };
		D438F27A2490C20700965BC9 /* TwoViewController.swift */ = {isa = PBXFileReference; lastKnownFileType = sourcecode.swift; path = TwoViewController.swift; sourceTree = "<group>"; };
		D438F27C2490C21F00965BC9 /* FourViewController.swift */ = {isa = PBXFileReference; lastKnownFileType = sourcecode.swift; path = FourViewController.swift; sourceTree = "<group>"; };
		D438F27E2490C31E00965BC9 /* TabBarViewController.swift */ = {isa = PBXFileReference; lastKnownFileType = sourcecode.swift; path = TabBarViewController.swift; sourceTree = "<group>"; };
		D438F2802490C59000965BC9 /* Four.storyboard */ = {isa = PBXFileReference; lastKnownFileType = file.storyboard; path = Four.storyboard; sourceTree = "<group>"; };
		D438F2822490DCF300965BC9 /* NewBandData.swift */ = {isa = PBXFileReference; lastKnownFileType = sourcecode.swift; path = NewBandData.swift; sourceTree = "<group>"; };
		D438F2842490DCFE00965BC9 /* NewBandService.swift */ = {isa = PBXFileReference; lastKnownFileType = sourcecode.swift; path = NewBandService.swift; sourceTree = "<group>"; };
		D438F2862490DDD700965BC9 /* NetworkResult.swift */ = {isa = PBXFileReference; fileEncoding = 4; lastKnownFileType = sourcecode.swift; path = NetworkResult.swift; sourceTree = "<group>"; };
		D438F2872490DDD700965BC9 /* APIConstants.swift */ = {isa = PBXFileReference; fileEncoding = 4; lastKnownFileType = sourcecode.swift; path = APIConstants.swift; sourceTree = "<group>"; };
		D438F28B2490EB3E00965BC9 /* RecommendPageData.swift */ = {isa = PBXFileReference; lastKnownFileType = sourcecode.swift; path = RecommendPageData.swift; sourceTree = "<group>"; };
		D438F28D2490EB4900965BC9 /* RecommendBandData.swift */ = {isa = PBXFileReference; lastKnownFileType = sourcecode.swift; path = RecommendBandData.swift; sourceTree = "<group>"; };
		D438F28F2490EB6000965BC9 /* NewNoticeData.swift */ = {isa = PBXFileReference; lastKnownFileType = sourcecode.swift; path = NewNoticeData.swift; sourceTree = "<group>"; };
		D438F2952490F1A900965BC9 /* RecommendPageService.swift */ = {isa = PBXFileReference; lastKnownFileType = sourcecode.swift; path = RecommendPageService.swift; sourceTree = "<group>"; };
		D438F2972490F1BD00965BC9 /* RecommendBandService.swift */ = {isa = PBXFileReference; lastKnownFileType = sourcecode.swift; path = RecommendBandService.swift; sourceTree = "<group>"; };
		D438F2992490F36900965BC9 /* NewNoticeService.swift */ = {isa = PBXFileReference; lastKnownFileType = sourcecode.swift; path = NewNoticeService.swift; sourceTree = "<group>"; };
		D45D59EA247EADF000ABC42C /* NewBandCell.swift */ = {isa = PBXFileReference; lastKnownFileType = sourcecode.swift; path = NewBandCell.swift; sourceTree = "<group>"; };
		D45D59EF247EB01100ABC42C /* UIColor.swift */ = {isa = PBXFileReference; lastKnownFileType = sourcecode.swift; path = UIColor.swift; sourceTree = "<group>"; };
		D46D4580247DEA00004F9CC9 /* NotoSansCJKkr-Bold.otf */ = {isa = PBXFileReference; lastKnownFileType = file; path = "NotoSansCJKkr-Bold.otf"; sourceTree = "<group>"; };
		D46D4586247DED1F004F9CC9 /* FormTextField.swift */ = {isa = PBXFileReference; lastKnownFileType = sourcecode.swift; path = FormTextField.swift; sourceTree = "<group>"; };
		D488B1E524814FC50062BF5C /* NewsCell.swift */ = {isa = PBXFileReference; lastKnownFileType = sourcecode.swift; path = NewsCell.swift; sourceTree = "<group>"; };
		D4AC711C2480C0480006FDAE /* NotoSansCJKkr-Medium.otf */ = {isa = PBXFileReference; lastKnownFileType = file; path = "NotoSansCJKkr-Medium.otf"; sourceTree = "<group>"; };
		D4AC711E2480C0490006FDAE /* NotoSansCJKkr-Regular.otf */ = {isa = PBXFileReference; lastKnownFileType = file; path = "NotoSansCJKkr-Regular.otf"; sourceTree = "<group>"; };
		D4AC711F2480C21C0006FDAE /* RecommendPageCell.swift */ = {isa = PBXFileReference; lastKnownFileType = sourcecode.swift; name = RecommendPageCell.swift; path = NaverBand/Sources/Cells/RecommendPageCell.swift; sourceTree = SOURCE_ROOT; };
		D4AC71252480D19C0006FDAE /* RecommendBandCell.swift */ = {isa = PBXFileReference; lastKnownFileType = sourcecode.swift; path = RecommendBandCell.swift; sourceTree = "<group>"; };
		D4BCBD50247B85CE007590B5 /* MypageViewController.swift */ = {isa = PBXFileReference; lastKnownFileType = sourcecode.swift; path = MypageViewController.swift; sourceTree = "<group>"; };
		D4BCBD52247B85EC007590B5 /* SearchViewController.swift */ = {isa = PBXFileReference; lastKnownFileType = sourcecode.swift; path = SearchViewController.swift; sourceTree = "<group>"; };
/* End PBXFileReference section */

/* Begin PBXFrameworksBuildPhase section */
		D4208FAA247A49BB00F868E4 /* Frameworks */ = {
			isa = PBXFrameworksBuildPhase;
			buildActionMask = 2147483647;
			files = (
				70E170E00DA8A8C3E9249E4C /* Pods_NaverBand.framework in Frameworks */,
			);
			runOnlyForDeploymentPostprocessing = 0;
		};
/* End PBXFrameworksBuildPhase section */

/* Begin PBXGroup section */
		28C09A86C607D1AFA711BE4F /* Frameworks */ = {
			isa = PBXGroup;
			children = (
				9F3D5188B74E58727FF2434B /* Pods_NaverBand.framework */,
			);
			name = Frameworks;
			sourceTree = "<group>";
		};
		A97A91F72966DCF28BC0817D /* Pods */ = {
			isa = PBXGroup;
			children = (
				AD518A79D8550B8FCF3EC107 /* Pods-NaverBand.debug.xcconfig */,
				2D2DD787CEB7252E89DB7694 /* Pods-NaverBand.release.xcconfig */,
			);
			path = Pods;
			sourceTree = "<group>";
		};
		D4208FA4247A49BB00F868E4 = {
			isa = PBXGroup;
			children = (
				D4208FAF247A49BB00F868E4 /* NaverBand */,
				D4208FAE247A49BB00F868E4 /* Products */,
				A97A91F72966DCF28BC0817D /* Pods */,
				28C09A86C607D1AFA711BE4F /* Frameworks */,
			);
			sourceTree = "<group>";
		};
		D4208FAE247A49BB00F868E4 /* Products */ = {
			isa = PBXGroup;
			children = (
				D4208FAD247A49BB00F868E4 /* NaverBand.app */,
			);
			name = Products;
			sourceTree = "<group>";
		};
		D4208FAF247A49BB00F868E4 /* NaverBand */ = {
			isa = PBXGroup;
			children = (
				D46D4585247DEAA0004F9CC9 /* Sources */,
				D46D4584247DEA91004F9CC9 /* Resources */,
				D4208FBE247A49BB00F868E4 /* Info.plist */,
			);
			path = NaverBand;
			sourceTree = "<group>";
		};
		D438F28A2490DDFC00965BC9 /* APIs */ = {
			isa = PBXGroup;
			children = (
				D438F2822490DCF300965BC9 /* NewBandData.swift */,
				D438F2842490DCFE00965BC9 /* NewBandService.swift */,
				D438F28B2490EB3E00965BC9 /* RecommendPageData.swift */,
				D438F2952490F1A900965BC9 /* RecommendPageService.swift */,
				D438F28D2490EB4900965BC9 /* RecommendBandData.swift */,
				D438F2972490F1BD00965BC9 /* RecommendBandService.swift */,
				D438F28F2490EB6000965BC9 /* NewNoticeData.swift */,
				D438F2992490F36900965BC9 /* NewNoticeService.swift */,
				D438F2872490DDD700965BC9 /* APIConstants.swift */,
				D438F2862490DDD700965BC9 /* NetworkResult.swift */,
			);
			path = APIs;
			sourceTree = "<group>";
		};
		D45D59E6247E908300ABC42C /* Design */ = {
			isa = PBXGroup;
			children = (
				D45D59EF247EB01100ABC42C /* UIColor.swift */,
				D46D4586247DED1F004F9CC9 /* FormTextField.swift */,
			);
			path = Design;
			sourceTree = "<group>";
		};
		D45D59EC247EADFC00ABC42C /* Cells */ = {
			isa = PBXGroup;
			children = (
				D488B1E524814FC50062BF5C /* NewsCell.swift */,
				D4AC71252480D19C0006FDAE /* RecommendBandCell.swift */,
				D45D59EA247EADF000ABC42C /* NewBandCell.swift */,
				D4AC711F2480C21C0006FDAE /* RecommendPageCell.swift */,
			);
			path = Cells;
			sourceTree = "<group>";
		};
		D46D4581247DEA16004F9CC9 /* Fonts */ = {
			isa = PBXGroup;
			children = (
				D4AC711C2480C0480006FDAE /* NotoSansCJKkr-Medium.otf */,
				D4AC711E2480C0490006FDAE /* NotoSansCJKkr-Regular.otf */,
				D46D4580247DEA00004F9CC9 /* NotoSansCJKkr-Bold.otf */,
			);
			path = Fonts;
			sourceTree = "<group>";
		};
		D46D4582247DEA2A004F9CC9 /* Storyboards */ = {
			isa = PBXGroup;
			children = (
				D4208FBB247A49BB00F868E4 /* LaunchScreen.storyboard */,
				D4208FB6247A49BB00F868E4 /* Main.storyboard */,
				D438F2702490C05A00965BC9 /* One.storyboard */,
				D438F2722490C07800965BC9 /* Two.storyboard */,
				D438F2742490C08200965BC9 /* Search.storyboard */,
				D438F2802490C59000965BC9 /* Four.storyboard */,
				D438F2762490C0B200965BC9 /* Mypage.storyboard */,
			);
			path = Storyboards;
			sourceTree = "<group>";
		};
		D46D4583247DEA77004F9CC9 /* ViewControllers */ = {
			isa = PBXGroup;
			children = (
				D438F2782490C20000965BC9 /* OneViewController.swift */,
				D438F27A2490C20700965BC9 /* TwoViewController.swift */,
				D438F27C2490C21F00965BC9 /* FourViewController.swift */,
				D4BCBD52247B85EC007590B5 /* SearchViewController.swift */,
				D4BCBD50247B85CE007590B5 /* MypageViewController.swift */,
				D438F27E2490C31E00965BC9 /* TabBarViewController.swift */,
			);
			path = ViewControllers;
			sourceTree = "<group>";
		};
		D46D4584247DEA91004F9CC9 /* Resources */ = {
			isa = PBXGroup;
			children = (
				D45D59E6247E908300ABC42C /* Design */,
				D46D4582247DEA2A004F9CC9 /* Storyboards */,
				D4208FB9247A49BB00F868E4 /* Assets.xcassets */,
				D46D4581247DEA16004F9CC9 /* Fonts */,
				D438F28A2490DDFC00965BC9 /* APIs */,
			);
			path = Resources;
			sourceTree = "<group>";
		};
		D46D4585247DEAA0004F9CC9 /* Sources */ = {
			isa = PBXGroup;
			children = (
				D4208FB0247A49BB00F868E4 /* AppDelegate.swift */,
				D4208FB2247A49BB00F868E4 /* SceneDelegate.swift */,
				D45D59EC247EADFC00ABC42C /* Cells */,
				D46D4583247DEA77004F9CC9 /* ViewControllers */,
			);
			path = Sources;
			sourceTree = "<group>";
		};
/* End PBXGroup section */

/* Begin PBXNativeTarget section */
		D4208FAC247A49BB00F868E4 /* NaverBand */ = {
			isa = PBXNativeTarget;
			buildConfigurationList = D4208FC1247A49BB00F868E4 /* Build configuration list for PBXNativeTarget "NaverBand" */;
			buildPhases = (
				36D76C28A94A08C521FFEA60 /* [CP] Check Pods Manifest.lock */,
				D4208FA9247A49BB00F868E4 /* Sources */,
				D4208FAA247A49BB00F868E4 /* Frameworks */,
				D4208FAB247A49BB00F868E4 /* Resources */,
				C7754A310A2376D8209CA09D /* [CP] Embed Pods Frameworks */,
			);
			buildRules = (
			);
			dependencies = (
			);
			name = NaverBand;
			productName = NaverBand;
			productReference = D4208FAD247A49BB00F868E4 /* NaverBand.app */;
			productType = "com.apple.product-type.application";
		};
/* End PBXNativeTarget section */

/* Begin PBXProject section */
		D4208FA5247A49BB00F868E4 /* Project object */ = {
			isa = PBXProject;
			attributes = {
				LastSwiftUpdateCheck = 1140;
				LastUpgradeCheck = 1140;
				ORGANIZATIONNAME = "jaeyong Lee";
				TargetAttributes = {
					D4208FAC247A49BB00F868E4 = {
						CreatedOnToolsVersion = 11.4.1;
					};
				};
			};
			buildConfigurationList = D4208FA8247A49BB00F868E4 /* Build configuration list for PBXProject "NaverBand" */;
			compatibilityVersion = "Xcode 9.3";
			developmentRegion = en;
			hasScannedForEncodings = 0;
			knownRegions = (
				en,
				Base,
			);
			mainGroup = D4208FA4247A49BB00F868E4;
			productRefGroup = D4208FAE247A49BB00F868E4 /* Products */;
			projectDirPath = "";
			projectRoot = "";
			targets = (
				D4208FAC247A49BB00F868E4 /* NaverBand */,
			);
		};
/* End PBXProject section */

/* Begin PBXResourcesBuildPhase section */
		D4208FAB247A49BB00F868E4 /* Resources */ = {
			isa = PBXResourcesBuildPhase;
			buildActionMask = 2147483647;
			files = (
				D4208FBD247A49BB00F868E4 /* LaunchScreen.storyboard in Resources */,
				D438F2772490C0B200965BC9 /* Mypage.storyboard in Resources */,
				D438F2812490C59000965BC9 /* Four.storyboard in Resources */,
				D4208FBA247A49BB00F868E4 /* Assets.xcassets in Resources */,
				D438F2732490C07800965BC9 /* Two.storyboard in Resources */,
				D4208FB8247A49BB00F868E4 /* Main.storyboard in Resources */,
				D438F2752490C08200965BC9 /* Search.storyboard in Resources */,
				D438F2712490C05A00965BC9 /* One.storyboard in Resources */,
			);
			runOnlyForDeploymentPostprocessing = 0;
		};
/* End PBXResourcesBuildPhase section */

/* Begin PBXShellScriptBuildPhase section */
		36D76C28A94A08C521FFEA60 /* [CP] Check Pods Manifest.lock */ = {
			isa = PBXShellScriptBuildPhase;
			buildActionMask = 2147483647;
			files = (
			);
			inputFileListPaths = (
			);
			inputPaths = (
				"${PODS_PODFILE_DIR_PATH}/Podfile.lock",
				"${PODS_ROOT}/Manifest.lock",
			);
			name = "[CP] Check Pods Manifest.lock";
			outputFileListPaths = (
			);
			outputPaths = (
				"$(DERIVED_FILE_DIR)/Pods-NaverBand-checkManifestLockResult.txt",
			);
			runOnlyForDeploymentPostprocessing = 0;
			shellPath = /bin/sh;
			shellScript = "diff \"${PODS_PODFILE_DIR_PATH}/Podfile.lock\" \"${PODS_ROOT}/Manifest.lock\" > /dev/null\nif [ $? != 0 ] ; then\n    # print error to STDERR\n    echo \"error: The sandbox is not in sync with the Podfile.lock. Run 'pod install' or update your CocoaPods installation.\" >&2\n    exit 1\nfi\n# This output is used by Xcode 'outputs' to avoid re-running this script phase.\necho \"SUCCESS\" > \"${SCRIPT_OUTPUT_FILE_0}\"\n";
			showEnvVarsInLog = 0;
		};
		C7754A310A2376D8209CA09D /* [CP] Embed Pods Frameworks */ = {
			isa = PBXShellScriptBuildPhase;
			buildActionMask = 2147483647;
			files = (
			);
			inputFileListPaths = (
				"${PODS_ROOT}/Target Support Files/Pods-NaverBand/Pods-NaverBand-frameworks-${CONFIGURATION}-input-files.xcfilelist",
			);
			name = "[CP] Embed Pods Frameworks";
			outputFileListPaths = (
				"${PODS_ROOT}/Target Support Files/Pods-NaverBand/Pods-NaverBand-frameworks-${CONFIGURATION}-output-files.xcfilelist",
			);
			runOnlyForDeploymentPostprocessing = 0;
			shellPath = /bin/sh;
			shellScript = "\"${PODS_ROOT}/Target Support Files/Pods-NaverBand/Pods-NaverBand-frameworks.sh\"\n";
			showEnvVarsInLog = 0;
		};
/* End PBXShellScriptBuildPhase section */

/* Begin PBXSourcesBuildPhase section */
		D4208FA9247A49BB00F868E4 /* Sources */ = {
			isa = PBXSourcesBuildPhase;
			buildActionMask = 2147483647;
			files = (
				D4BCBD53247B85EC007590B5 /* SearchViewController.swift in Sources */,
				D46D4587247DED1F004F9CC9 /* FormTextField.swift in Sources */,
				D4AC71262480D19C0006FDAE /* RecommendBandCell.swift in Sources */,
				D438F2792490C20000965BC9 /* OneViewController.swift in Sources */,
				D438F27F2490C31E00965BC9 /* TabBarViewController.swift in Sources */,
				D438F2882490DDD700965BC9 /* NetworkResult.swift in Sources */,
				D438F29A2490F36900965BC9 /* NewNoticeService.swift in Sources */,
				D438F27D2490C21F00965BC9 /* FourViewController.swift in Sources */,
				D45D59F0247EB01100ABC42C /* UIColor.swift in Sources */,
				D438F2982490F1BD00965BC9 /* RecommendBandService.swift in Sources */,
				D4208FB1247A49BB00F868E4 /* AppDelegate.swift in Sources */,
				D438F2892490DDD700965BC9 /* APIConstants.swift in Sources */,
				D45D59EB247EADF000ABC42C /* NewBandCell.swift in Sources */,
				D4208FB3247A49BB00F868E4 /* SceneDelegate.swift in Sources */,
				D488B1E624814FC50062BF5C /* NewsCell.swift in Sources */,
				D438F28E2490EB4900965BC9 /* RecommendBandData.swift in Sources */,
				D438F2852490DCFE00965BC9 /* NewBandService.swift in Sources */,
				D438F2902490EB6000965BC9 /* NewNoticeData.swift in Sources */,
				D438F2832490DCF300965BC9 /* NewBandData.swift in Sources */,
				D438F27B2490C20700965BC9 /* TwoViewController.swift in Sources */,
				D438F28C2490EB3E00965BC9 /* RecommendPageData.swift in Sources */,
				D4BCBD51247B85CE007590B5 /* MypageViewController.swift in Sources */,
				D4AC71202480C21C0006FDAE /* RecommendPageCell.swift in Sources */,
				D438F2962490F1A900965BC9 /* RecommendPageService.swift in Sources */,
			);
			runOnlyForDeploymentPostprocessing = 0;
		};
/* End PBXSourcesBuildPhase section */

/* Begin PBXVariantGroup section */
		D4208FB6247A49BB00F868E4 /* Main.storyboard */ = {
			isa = PBXVariantGroup;
			children = (
				D4208FB7247A49BB00F868E4 /* Base */,
			);
			name = Main.storyboard;
			sourceTree = "<group>";
		};
		D4208FBB247A49BB00F868E4 /* LaunchScreen.storyboard */ = {
			isa = PBXVariantGroup;
			children = (
				D4208FBC247A49BB00F868E4 /* Base */,
			);
			name = LaunchScreen.storyboard;
			sourceTree = "<group>";
		};
/* End PBXVariantGroup section */

/* Begin XCBuildConfiguration section */
		D4208FBF247A49BB00F868E4 /* Debug */ = {
			isa = XCBuildConfiguration;
			buildSettings = {
				ALWAYS_SEARCH_USER_PATHS = NO;
				CLANG_ANALYZER_NONNULL = YES;
				CLANG_ANALYZER_NUMBER_OBJECT_CONVERSION = YES_AGGRESSIVE;
				CLANG_CXX_LANGUAGE_STANDARD = "gnu++14";
				CLANG_CXX_LIBRARY = "libc++";
				CLANG_ENABLE_MODULES = YES;
				CLANG_ENABLE_OBJC_ARC = YES;
				CLANG_ENABLE_OBJC_WEAK = YES;
				CLANG_WARN_BLOCK_CAPTURE_AUTORELEASING = YES;
				CLANG_WARN_BOOL_CONVERSION = YES;
				CLANG_WARN_COMMA = YES;
				CLANG_WARN_CONSTANT_CONVERSION = YES;
				CLANG_WARN_DEPRECATED_OBJC_IMPLEMENTATIONS = YES;
				CLANG_WARN_DIRECT_OBJC_ISA_USAGE = YES_ERROR;
				CLANG_WARN_DOCUMENTATION_COMMENTS = YES;
				CLANG_WARN_EMPTY_BODY = YES;
				CLANG_WARN_ENUM_CONVERSION = YES;
				CLANG_WARN_INFINITE_RECURSION = YES;
				CLANG_WARN_INT_CONVERSION = YES;
				CLANG_WARN_NON_LITERAL_NULL_CONVERSION = YES;
				CLANG_WARN_OBJC_IMPLICIT_RETAIN_SELF = YES;
				CLANG_WARN_OBJC_LITERAL_CONVERSION = YES;
				CLANG_WARN_OBJC_ROOT_CLASS = YES_ERROR;
				CLANG_WARN_RANGE_LOOP_ANALYSIS = YES;
				CLANG_WARN_STRICT_PROTOTYPES = YES;
				CLANG_WARN_SUSPICIOUS_MOVE = YES;
				CLANG_WARN_UNGUARDED_AVAILABILITY = YES_AGGRESSIVE;
				CLANG_WARN_UNREACHABLE_CODE = YES;
				CLANG_WARN__DUPLICATE_METHOD_MATCH = YES;
				COPY_PHASE_STRIP = NO;
				DEBUG_INFORMATION_FORMAT = dwarf;
				ENABLE_STRICT_OBJC_MSGSEND = YES;
				ENABLE_TESTABILITY = YES;
				GCC_C_LANGUAGE_STANDARD = gnu11;
				GCC_DYNAMIC_NO_PIC = NO;
				GCC_NO_COMMON_BLOCKS = YES;
				GCC_OPTIMIZATION_LEVEL = 0;
				GCC_PREPROCESSOR_DEFINITIONS = (
					"DEBUG=1",
					"$(inherited)",
				);
				GCC_WARN_64_TO_32_BIT_CONVERSION = YES;
				GCC_WARN_ABOUT_RETURN_TYPE = YES_ERROR;
				GCC_WARN_UNDECLARED_SELECTOR = YES;
				GCC_WARN_UNINITIALIZED_AUTOS = YES_AGGRESSIVE;
				GCC_WARN_UNUSED_FUNCTION = YES;
				GCC_WARN_UNUSED_VARIABLE = YES;
				IPHONEOS_DEPLOYMENT_TARGET = 13.4;
				MTL_ENABLE_DEBUG_INFO = INCLUDE_SOURCE;
				MTL_FAST_MATH = YES;
				ONLY_ACTIVE_ARCH = YES;
				SDKROOT = iphoneos;
				SWIFT_ACTIVE_COMPILATION_CONDITIONS = DEBUG;
				SWIFT_OPTIMIZATION_LEVEL = "-Onone";
			};
			name = Debug;
		};
		D4208FC0247A49BB00F868E4 /* Release */ = {
			isa = XCBuildConfiguration;
			buildSettings = {
				ALWAYS_SEARCH_USER_PATHS = NO;
				CLANG_ANALYZER_NONNULL = YES;
				CLANG_ANALYZER_NUMBER_OBJECT_CONVERSION = YES_AGGRESSIVE;
				CLANG_CXX_LANGUAGE_STANDARD = "gnu++14";
				CLANG_CXX_LIBRARY = "libc++";
				CLANG_ENABLE_MODULES = YES;
				CLANG_ENABLE_OBJC_ARC = YES;
				CLANG_ENABLE_OBJC_WEAK = YES;
				CLANG_WARN_BLOCK_CAPTURE_AUTORELEASING = YES;
				CLANG_WARN_BOOL_CONVERSION = YES;
				CLANG_WARN_COMMA = YES;
				CLANG_WARN_CONSTANT_CONVERSION = YES;
				CLANG_WARN_DEPRECATED_OBJC_IMPLEMENTATIONS = YES;
				CLANG_WARN_DIRECT_OBJC_ISA_USAGE = YES_ERROR;
				CLANG_WARN_DOCUMENTATION_COMMENTS = YES;
				CLANG_WARN_EMPTY_BODY = YES;
				CLANG_WARN_ENUM_CONVERSION = YES;
				CLANG_WARN_INFINITE_RECURSION = YES;
				CLANG_WARN_INT_CONVERSION = YES;
				CLANG_WARN_NON_LITERAL_NULL_CONVERSION = YES;
				CLANG_WARN_OBJC_IMPLICIT_RETAIN_SELF = YES;
				CLANG_WARN_OBJC_LITERAL_CONVERSION = YES;
				CLANG_WARN_OBJC_ROOT_CLASS = YES_ERROR;
				CLANG_WARN_RANGE_LOOP_ANALYSIS = YES;
				CLANG_WARN_STRICT_PROTOTYPES = YES;
				CLANG_WARN_SUSPICIOUS_MOVE = YES;
				CLANG_WARN_UNGUARDED_AVAILABILITY = YES_AGGRESSIVE;
				CLANG_WARN_UNREACHABLE_CODE = YES;
				CLANG_WARN__DUPLICATE_METHOD_MATCH = YES;
				COPY_PHASE_STRIP = NO;
				DEBUG_INFORMATION_FORMAT = "dwarf-with-dsym";
				ENABLE_NS_ASSERTIONS = NO;
				ENABLE_STRICT_OBJC_MSGSEND = YES;
				GCC_C_LANGUAGE_STANDARD = gnu11;
				GCC_NO_COMMON_BLOCKS = YES;
				GCC_WARN_64_TO_32_BIT_CONVERSION = YES;
				GCC_WARN_ABOUT_RETURN_TYPE = YES_ERROR;
				GCC_WARN_UNDECLARED_SELECTOR = YES;
				GCC_WARN_UNINITIALIZED_AUTOS = YES_AGGRESSIVE;
				GCC_WARN_UNUSED_FUNCTION = YES;
				GCC_WARN_UNUSED_VARIABLE = YES;
				IPHONEOS_DEPLOYMENT_TARGET = 13.4;
				MTL_ENABLE_DEBUG_INFO = NO;
				MTL_FAST_MATH = YES;
				SDKROOT = iphoneos;
				SWIFT_COMPILATION_MODE = wholemodule;
				SWIFT_OPTIMIZATION_LEVEL = "-O";
				VALIDATE_PRODUCT = YES;
			};
			name = Release;
		};
		D4208FC2247A49BB00F868E4 /* Debug */ = {
			isa = XCBuildConfiguration;
			baseConfigurationReference = AD518A79D8550B8FCF3EC107 /* Pods-NaverBand.debug.xcconfig */;
			buildSettings = {
				ASSETCATALOG_COMPILER_APPICON_NAME = AppIcon;
				CODE_SIGN_STYLE = Automatic;
				DEVELOPMENT_TEAM = TZVHD77BLL;
				INFOPLIST_FILE = NaverBand/Info.plist;
				LD_RUNPATH_SEARCH_PATHS = (
					"$(inherited)",
					"@executable_path/Frameworks",
				);
				PRODUCT_BUNDLE_IDENTIFIER = com.jaeyong.NaverBand;
				PRODUCT_NAME = "$(TARGET_NAME)";
				SWIFT_VERSION = 5.0;
				TARGETED_DEVICE_FAMILY = "1,2";
			};
			name = Debug;
		};
		D4208FC3247A49BB00F868E4 /* Release */ = {
			isa = XCBuildConfiguration;
			baseConfigurationReference = 2D2DD787CEB7252E89DB7694 /* Pods-NaverBand.release.xcconfig */;
			buildSettings = {
				ASSETCATALOG_COMPILER_APPICON_NAME = AppIcon;
				CODE_SIGN_STYLE = Automatic;
				DEVELOPMENT_TEAM = TZVHD77BLL;
				INFOPLIST_FILE = NaverBand/Info.plist;
				LD_RUNPATH_SEARCH_PATHS = (
					"$(inherited)",
					"@executable_path/Frameworks",
				);
				PRODUCT_BUNDLE_IDENTIFIER = com.jaeyong.NaverBand;
				PRODUCT_NAME = "$(TARGET_NAME)";
				SWIFT_VERSION = 5.0;
				TARGETED_DEVICE_FAMILY = "1,2";
			};
			name = Release;
		};
/* End XCBuildConfiguration section */

/* Begin XCConfigurationList section */
		D4208FA8247A49BB00F868E4 /* Build configuration list for PBXProject "NaverBand" */ = {
			isa = XCConfigurationList;
			buildConfigurations = (
				D4208FBF247A49BB00F868E4 /* Debug */,
				D4208FC0247A49BB00F868E4 /* Release */,
			);
			defaultConfigurationIsVisible = 0;
			defaultConfigurationName = Release;
		};
		D4208FC1247A49BB00F868E4 /* Build configuration list for PBXNativeTarget "NaverBand" */ = {
			isa = XCConfigurationList;
			buildConfigurations = (
				D4208FC2247A49BB00F868E4 /* Debug */,
				D4208FC3247A49BB00F868E4 /* Release */,
			);
			defaultConfigurationIsVisible = 0;
			defaultConfigurationName = Release;
		};
/* End XCConfigurationList section */
	};
	rootObject = D4208FA5247A49BB00F868E4 /* Project object */;
}
