// !$*UTF8*$!
{
	archiveVersion = 1;
	classes = {
	};
	objectVersion = 50;
	objects = {

/* Begin PBXBuildFile section */
		D442E28C2456FF930089082C /* AppDelegate.swift in Sources */ = {isa = PBXBuildFile; fileRef = D442E28B2456FF930089082C /* AppDelegate.swift */; };
		D442E28E2456FF930089082C /* SceneDelegate.swift in Sources */ = {isa = PBXBuildFile; fileRef = D442E28D2456FF930089082C /* SceneDelegate.swift */; };
		D442E2902456FF930089082C /* SignInViewController.swift in Sources */ = {isa = PBXBuildFile; fileRef = D442E28F2456FF930089082C /* SignInViewController.swift */; };
		D442E2932456FF930089082C /* Main.storyboard in Resources */ = {isa = PBXBuildFile; fileRef = D442E2912456FF930089082C /* Main.storyboard */; };
		D442E2952456FF930089082C /* Assets.xcassets in Resources */ = {isa = PBXBuildFile; fileRef = D442E2942456FF930089082C /* Assets.xcassets */; };
		D442E2982456FF930089082C /* LaunchScreen.storyboard in Resources */ = {isa = PBXBuildFile; fileRef = D442E2962456FF930089082C /* LaunchScreen.storyboard */; };
		D44E9493246A723800090556 /* FriendViewController.swift in Sources */ = {isa = PBXBuildFile; fileRef = D44E9492246A723800090556 /* FriendViewController.swift */; };
		D4A9C406246D87C000638B70 /* PersonInfo.swift in Sources */ = {isa = PBXBuildFile; fileRef = D4A9C405246D87C000638B70 /* PersonInfo.swift */; };
		D4A9C408246D87D800638B70 /* FriendTableViewCell.swift in Sources */ = {isa = PBXBuildFile; fileRef = D4A9C407246D87D800638B70 /* FriendTableViewCell.swift */; };
		D4CA27F32457DC630032F2AA /* SignUpViewController.swift in Sources */ = {isa = PBXBuildFile; fileRef = D4CA27F22457DC630032F2AA /* SignUpViewController.swift */; };
		D4CA27F52457DC980032F2AA /* CompleteViewController.swift in Sources */ = {isa = PBXBuildFile; fileRef = D4CA27F42457DC980032F2AA /* CompleteViewController.swift */; };
		D4E9242D24581C250090A7B5 /* FormTextField.swift in Sources */ = {isa = PBXBuildFile; fileRef = D4E9242C24581C250090A7B5 /* FormTextField.swift */; };
/* End PBXBuildFile section */

/* Begin PBXFileReference section */
		D442E2882456FF930089082C /* iOS_secondAssignment.app */ = {isa = PBXFileReference; explicitFileType = wrapper.application; includeInIndex = 0; path = iOS_secondAssignment.app; sourceTree = BUILT_PRODUCTS_DIR; };
		D442E28B2456FF930089082C /* AppDelegate.swift */ = {isa = PBXFileReference; lastKnownFileType = sourcecode.swift; path = AppDelegate.swift; sourceTree = "<group>"; };
		D442E28D2456FF930089082C /* SceneDelegate.swift */ = {isa = PBXFileReference; lastKnownFileType = sourcecode.swift; path = SceneDelegate.swift; sourceTree = "<group>"; };
		D442E28F2456FF930089082C /* SignInViewController.swift */ = {isa = PBXFileReference; lastKnownFileType = sourcecode.swift; path = SignInViewController.swift; sourceTree = "<group>"; };
		D442E2922456FF930089082C /* Base */ = {isa = PBXFileReference; lastKnownFileType = file.storyboard; name = Base; path = Base.lproj/Main.storyboard; sourceTree = "<group>"; };
		D442E2942456FF930089082C /* Assets.xcassets */ = {isa = PBXFileReference; lastKnownFileType = folder.assetcatalog; path = Assets.xcassets; sourceTree = "<group>"; };
		D442E2972456FF930089082C /* Base */ = {isa = PBXFileReference; lastKnownFileType = file.storyboard; name = Base; path = Base.lproj/LaunchScreen.storyboard; sourceTree = "<group>"; };
		D442E2992456FF930089082C /* Info.plist */ = {isa = PBXFileReference; lastKnownFileType = text.plist.xml; path = Info.plist; sourceTree = "<group>"; };
		D44E9492246A723800090556 /* FriendViewController.swift */ = {isa = PBXFileReference; lastKnownFileType = sourcecode.swift; path = FriendViewController.swift; sourceTree = "<group>"; };
		D4A9C405246D87C000638B70 /* PersonInfo.swift */ = {isa = PBXFileReference; lastKnownFileType = sourcecode.swift; path = PersonInfo.swift; sourceTree = "<group>"; };
		D4A9C407246D87D800638B70 /* FriendTableViewCell.swift */ = {isa = PBXFileReference; lastKnownFileType = sourcecode.swift; path = FriendTableViewCell.swift; sourceTree = "<group>"; };
		D4CA27F22457DC630032F2AA /* SignUpViewController.swift */ = {isa = PBXFileReference; lastKnownFileType = sourcecode.swift; path = SignUpViewController.swift; sourceTree = "<group>"; };
		D4CA27F42457DC980032F2AA /* CompleteViewController.swift */ = {isa = PBXFileReference; lastKnownFileType = sourcecode.swift; path = CompleteViewController.swift; sourceTree = "<group>"; };
		D4E9242C24581C250090A7B5 /* FormTextField.swift */ = {isa = PBXFileReference; lastKnownFileType = sourcecode.swift; path = FormTextField.swift; sourceTree = "<group>"; };
/* End PBXFileReference section */

/* Begin PBXFrameworksBuildPhase section */
		D442E2852456FF930089082C /* Frameworks */ = {
			isa = PBXFrameworksBuildPhase;
			buildActionMask = 2147483647;
			files = (
			);
			runOnlyForDeploymentPostprocessing = 0;
		};
/* End PBXFrameworksBuildPhase section */

/* Begin PBXGroup section */
		D442E27F2456FF930089082C = {
			isa = PBXGroup;
			children = (
				D442E28A2456FF930089082C /* iOS_secondAssignment */,
				D442E2892456FF930089082C /* Products */,
			);
			sourceTree = "<group>";
		};
		D442E2892456FF930089082C /* Products */ = {
			isa = PBXGroup;
			children = (
				D442E2882456FF930089082C /* iOS_secondAssignment.app */,
			);
			name = Products;
			sourceTree = "<group>";
		};
		D442E28A2456FF930089082C /* iOS_secondAssignment */ = {
			isa = PBXGroup;
			children = (
				D48AE9F42476C6650079A535 /* Sources */,
				D48AE9F32476C6540079A535 /* Resources */,
				D442E2992456FF930089082C /* Info.plist */,
			);
			path = iOS_secondAssignment;
			sourceTree = "<group>";
		};
		D48AE9F02476C5AC0079A535 /* Storyboards */ = {
			isa = PBXGroup;
			children = (
				D442E2912456FF930089082C /* Main.storyboard */,
				D442E2962456FF930089082C /* LaunchScreen.storyboard */,
			);
			path = Storyboards;
			sourceTree = "<group>";
		};
		D48AE9F12476C5C20079A535 /* ViewControllers */ = {
			isa = PBXGroup;
			children = (
				D442E28F2456FF930089082C /* SignInViewController.swift */,
				D44E9492246A723800090556 /* FriendViewController.swift */,
				D4CA27F22457DC630032F2AA /* SignUpViewController.swift */,
				D4CA27F42457DC980032F2AA /* CompleteViewController.swift */,
			);
			path = ViewControllers;
			sourceTree = "<group>";
		};
		D48AE9F32476C6540079A535 /* Resources */ = {
			isa = PBXGroup;
			children = (
				D48AE9F72476C6B60079A535 /* Designs */,
				D48AE9F02476C5AC0079A535 /* Storyboards */,
				D442E2942456FF930089082C /* Assets.xcassets */,
			);
			path = Resources;
			sourceTree = "<group>";
		};
		D48AE9F42476C6650079A535 /* Sources */ = {
			isa = PBXGroup;
			children = (
				D442E28B2456FF930089082C /* AppDelegate.swift */,
				D442E28D2456FF930089082C /* SceneDelegate.swift */,
				D48AE9F12476C5C20079A535 /* ViewControllers */,
				D48AE9F62476C69A0079A535 /* Models */,
				D48AE9F52476C6860079A535 /* Views */,
			);
			path = Sources;
			sourceTree = "<group>";
		};
		D48AE9F52476C6860079A535 /* Views */ = {
			isa = PBXGroup;
			children = (
				D4A9C407246D87D800638B70 /* FriendTableViewCell.swift */,
			);
			path = Views;
			sourceTree = "<group>";
		};
		D48AE9F62476C69A0079A535 /* Models */ = {
			isa = PBXGroup;
			children = (
				D4A9C405246D87C000638B70 /* PersonInfo.swift */,
			);
			path = Models;
			sourceTree = "<group>";
		};
		D48AE9F72476C6B60079A535 /* Designs */ = {
			isa = PBXGroup;
			children = (
				D4E9242C24581C250090A7B5 /* FormTextField.swift */,
			);
			path = Designs;
			sourceTree = "<group>";
		};
/* End PBXGroup section */

/* Begin PBXNativeTarget section */
		D442E2872456FF930089082C /* iOS_secondAssignment */ = {
			isa = PBXNativeTarget;
			buildConfigurationList = D442E29C2456FF930089082C /* Build configuration list for PBXNativeTarget "iOS_secondAssignment" */;
			buildPhases = (
				D442E2842456FF930089082C /* Sources */,
				D442E2852456FF930089082C /* Frameworks */,
				D442E2862456FF930089082C /* Resources */,
			);
			buildRules = (
			);
			dependencies = (
			);
			name = iOS_secondAssignment;
			productName = iOS_secondAssignment;
			productReference = D442E2882456FF930089082C /* iOS_secondAssignment.app */;
			productType = "com.apple.product-type.application";
		};
/* End PBXNativeTarget section */

/* Begin PBXProject section */
		D442E2802456FF930089082C /* Project object */ = {
			isa = PBXProject;
			attributes = {
				LastSwiftUpdateCheck = 1140;
				LastUpgradeCheck = 1140;
				ORGANIZATIONNAME = "jaeyong Lee";
				TargetAttributes = {
					D442E2872456FF930089082C = {
						CreatedOnToolsVersion = 11.4;
					};
				};
			};
			buildConfigurationList = D442E2832456FF930089082C /* Build configuration list for PBXProject "iOS_secondAssignment" */;
			compatibilityVersion = "Xcode 9.3";
			developmentRegion = en;
			hasScannedForEncodings = 0;
			knownRegions = (
				en,
				Base,
			);
			mainGroup = D442E27F2456FF930089082C;
			productRefGroup = D442E2892456FF930089082C /* Products */;
			projectDirPath = "";
			projectRoot = "";
			targets = (
				D442E2872456FF930089082C /* iOS_secondAssignment */,
			);
		};
/* End PBXProject section */

/* Begin PBXResourcesBuildPhase section */
		D442E2862456FF930089082C /* Resources */ = {
			isa = PBXResourcesBuildPhase;
			buildActionMask = 2147483647;
			files = (
				D442E2982456FF930089082C /* LaunchScreen.storyboard in Resources */,
				D442E2952456FF930089082C /* Assets.xcassets in Resources */,
				D442E2932456FF930089082C /* Main.storyboard in Resources */,
			);
			runOnlyForDeploymentPostprocessing = 0;
		};
/* End PBXResourcesBuildPhase section */

/* Begin PBXSourcesBuildPhase section */
		D442E2842456FF930089082C /* Sources */ = {
			isa = PBXSourcesBuildPhase;
			buildActionMask = 2147483647;
			files = (
				D4A9C408246D87D800638B70 /* FriendTableViewCell.swift in Sources */,
				D442E2902456FF930089082C /* SignInViewController.swift in Sources */,
				D4E9242D24581C250090A7B5 /* FormTextField.swift in Sources */,
				D442E28C2456FF930089082C /* AppDelegate.swift in Sources */,
				D44E9493246A723800090556 /* FriendViewController.swift in Sources */,
				D4CA27F32457DC630032F2AA /* SignUpViewController.swift in Sources */,
				D4CA27F52457DC980032F2AA /* CompleteViewController.swift in Sources */,
				D4A9C406246D87C000638B70 /* PersonInfo.swift in Sources */,
				D442E28E2456FF930089082C /* SceneDelegate.swift in Sources */,
			);
			runOnlyForDeploymentPostprocessing = 0;
		};
/* End PBXSourcesBuildPhase section */

/* Begin PBXVariantGroup section */
		D442E2912456FF930089082C /* Main.storyboard */ = {
			isa = PBXVariantGroup;
			children = (
				D442E2922456FF930089082C /* Base */,
			);
			name = Main.storyboard;
			sourceTree = "<group>";
		};
		D442E2962456FF930089082C /* LaunchScreen.storyboard */ = {
			isa = PBXVariantGroup;
			children = (
				D442E2972456FF930089082C /* Base */,
			);
			name = LaunchScreen.storyboard;
			sourceTree = "<group>";
		};
/* End PBXVariantGroup section */

/* Begin XCBuildConfiguration section */
		D442E29A2456FF930089082C /* Debug */ = {
			isa = XCBuildConfiguration;
			buildSettings = {
				ALWAYS_SEARCH_USER_PATHS = NO;
				CLANG_ANALYZER_NONNULL = YES;
				CLANG_ANALYZER_NUMBER_OBJECT_CONVERSION = YES_AGGRESSIVE;
				CLANG_CXX_LANGUAGE_STANDARD = "gnu++14";
				CLANG_CXX_LIBRARY = "libc++";
				CLANG_ENABLE_MODULES = YES;
				CLANG_ENABLE_OBJC_ARC = YES;
				CLANG_ENABLE_OBJC_WEAK = YES;
				CLANG_WARN_BLOCK_CAPTURE_AUTORELEASING = YES;
				CLANG_WARN_BOOL_CONVERSION = YES;
				CLANG_WARN_COMMA = YES;
				CLANG_WARN_CONSTANT_CONVERSION = YES;
				CLANG_WARN_DEPRECATED_OBJC_IMPLEMENTATIONS = YES;
				CLANG_WARN_DIRECT_OBJC_ISA_USAGE = YES_ERROR;
				CLANG_WARN_DOCUMENTATION_COMMENTS = YES;
				CLANG_WARN_EMPTY_BODY = YES;
				CLANG_WARN_ENUM_CONVERSION = YES;
				CLANG_WARN_INFINITE_RECURSION = YES;
				CLANG_WARN_INT_CONVERSION = YES;
				CLANG_WARN_NON_LITERAL_NULL_CONVERSION = YES;
				CLANG_WARN_OBJC_IMPLICIT_RETAIN_SELF = YES;
				CLANG_WARN_OBJC_LITERAL_CONVERSION = YES;
				CLANG_WARN_OBJC_ROOT_CLASS = YES_ERROR;
				CLANG_WARN_RANGE_LOOP_ANALYSIS = YES;
				CLANG_WARN_STRICT_PROTOTYPES = YES;
				CLANG_WARN_SUSPICIOUS_MOVE = YES;
				CLANG_WARN_UNGUARDED_AVAILABILITY = YES_AGGRESSIVE;
				CLANG_WARN_UNREACHABLE_CODE = YES;
				CLANG_WARN__DUPLICATE_METHOD_MATCH = YES;
				COPY_PHASE_STRIP = NO;
				DEBUG_INFORMATION_FORMAT = dwarf;
				ENABLE_STRICT_OBJC_MSGSEND = YES;
				ENABLE_TESTABILITY = YES;
				GCC_C_LANGUAGE_STANDARD = gnu11;
				GCC_DYNAMIC_NO_PIC = NO;
				GCC_NO_COMMON_BLOCKS = YES;
				GCC_OPTIMIZATION_LEVEL = 0;
				GCC_PREPROCESSOR_DEFINITIONS = (
					"DEBUG=1",
					"$(inherited)",
				);
				GCC_WARN_64_TO_32_BIT_CONVERSION = YES;
				GCC_WARN_ABOUT_RETURN_TYPE = YES_ERROR;
				GCC_WARN_UNDECLARED_SELECTOR = YES;
				GCC_WARN_UNINITIALIZED_AUTOS = YES_AGGRESSIVE;
				GCC_WARN_UNUSED_FUNCTION = YES;
				GCC_WARN_UNUSED_VARIABLE = YES;
				IPHONEOS_DEPLOYMENT_TARGET = 13.4;
				MTL_ENABLE_DEBUG_INFO = INCLUDE_SOURCE;
				MTL_FAST_MATH = YES;
				ONLY_ACTIVE_ARCH = YES;
				SDKROOT = iphoneos;
				SWIFT_ACTIVE_COMPILATION_CONDITIONS = DEBUG;
				SWIFT_OPTIMIZATION_LEVEL = "-Onone";
			};
			name = Debug;
		};
		D442E29B2456FF930089082C /* Release */ = {
			isa = XCBuildConfiguration;
			buildSettings = {
				ALWAYS_SEARCH_USER_PATHS = NO;
				CLANG_ANALYZER_NONNULL = YES;
				CLANG_ANALYZER_NUMBER_OBJECT_CONVERSION = YES_AGGRESSIVE;
				CLANG_CXX_LANGUAGE_STANDARD = "gnu++14";
				CLANG_CXX_LIBRARY = "libc++";
				CLANG_ENABLE_MODULES = YES;
				CLANG_ENABLE_OBJC_ARC = YES;
				CLANG_ENABLE_OBJC_WEAK = YES;
				CLANG_WARN_BLOCK_CAPTURE_AUTORELEASING = YES;
				CLANG_WARN_BOOL_CONVERSION = YES;
				CLANG_WARN_COMMA = YES;
				CLANG_WARN_CONSTANT_CONVERSION = YES;
				CLANG_WARN_DEPRECATED_OBJC_IMPLEMENTATIONS = YES;
				CLANG_WARN_DIRECT_OBJC_ISA_USAGE = YES_ERROR;
				CLANG_WARN_DOCUMENTATION_COMMENTS = YES;
				CLANG_WARN_EMPTY_BODY = YES;
				CLANG_WARN_ENUM_CONVERSION = YES;
				CLANG_WARN_INFINITE_RECURSION = YES;
				CLANG_WARN_INT_CONVERSION = YES;
				CLANG_WARN_NON_LITERAL_NULL_CONVERSION = YES;
				CLANG_WARN_OBJC_IMPLICIT_RETAIN_SELF = YES;
				CLANG_WARN_OBJC_LITERAL_CONVERSION = YES;
				CLANG_WARN_OBJC_ROOT_CLASS = YES_ERROR;
				CLANG_WARN_RANGE_LOOP_ANALYSIS = YES;
				CLANG_WARN_STRICT_PROTOTYPES = YES;
				CLANG_WARN_SUSPICIOUS_MOVE = YES;
				CLANG_WARN_UNGUARDED_AVAILABILITY = YES_AGGRESSIVE;
				CLANG_WARN_UNREACHABLE_CODE = YES;
				CLANG_WARN__DUPLICATE_METHOD_MATCH = YES;
				COPY_PHASE_STRIP = NO;
				DEBUG_INFORMATION_FORMAT = "dwarf-with-dsym";
				ENABLE_NS_ASSERTIONS = NO;
				ENABLE_STRICT_OBJC_MSGSEND = YES;
				GCC_C_LANGUAGE_STANDARD = gnu11;
				GCC_NO_COMMON_BLOCKS = YES;
				GCC_WARN_64_TO_32_BIT_CONVERSION = YES;
				GCC_WARN_ABOUT_RETURN_TYPE = YES_ERROR;
				GCC_WARN_UNDECLARED_SELECTOR = YES;
				GCC_WARN_UNINITIALIZED_AUTOS = YES_AGGRESSIVE;
				GCC_WARN_UNUSED_FUNCTION = YES;
				GCC_WARN_UNUSED_VARIABLE = YES;
				IPHONEOS_DEPLOYMENT_TARGET = 13.4;
				MTL_ENABLE_DEBUG_INFO = NO;
				MTL_FAST_MATH = YES;
				SDKROOT = iphoneos;
				SWIFT_COMPILATION_MODE = wholemodule;
				SWIFT_OPTIMIZATION_LEVEL = "-O";
				VALIDATE_PRODUCT = YES;
			};
			name = Release;
		};
		D442E29D2456FF930089082C /* Debug */ = {
			isa = XCBuildConfiguration;
			buildSettings = {
				ASSETCATALOG_COMPILER_APPICON_NAME = AppIcon;
				CODE_SIGN_STYLE = Automatic;
				DEVELOPMENT_TEAM = TZVHD77BLL;
				INFOPLIST_FILE = iOS_secondAssignment/Info.plist;
				LD_RUNPATH_SEARCH_PATHS = (
					"$(inherited)",
					"@executable_path/Frameworks",
				);
				PRODUCT_BUNDLE_IDENTIFIER = "com.jaeyong.iOS-secondAssignment";
				PRODUCT_NAME = "$(TARGET_NAME)";
				SWIFT_VERSION = 5.0;
				TARGETED_DEVICE_FAMILY = "1,2";
			};
			name = Debug;
		};
		D442E29E2456FF930089082C /* Release */ = {
			isa = XCBuildConfiguration;
			buildSettings = {
				ASSETCATALOG_COMPILER_APPICON_NAME = AppIcon;
				CODE_SIGN_STYLE = Automatic;
				DEVELOPMENT_TEAM = TZVHD77BLL;
				INFOPLIST_FILE = iOS_secondAssignment/Info.plist;
				LD_RUNPATH_SEARCH_PATHS = (
					"$(inherited)",
					"@executable_path/Frameworks",
				);
				PRODUCT_BUNDLE_IDENTIFIER = "com.jaeyong.iOS-secondAssignment";
				PRODUCT_NAME = "$(TARGET_NAME)";
				SWIFT_VERSION = 5.0;
				TARGETED_DEVICE_FAMILY = "1,2";
			};
			name = Release;
		};
/* End XCBuildConfiguration section */

/* Begin XCConfigurationList section */
		D442E2832456FF930089082C /* Build configuration list for PBXProject "iOS_secondAssignment" */ = {
			isa = XCConfigurationList;
			buildConfigurations = (
				D442E29A2456FF930089082C /* Debug */,
				D442E29B2456FF930089082C /* Release */,
			);
			defaultConfigurationIsVisible = 0;
			defaultConfigurationName = Release;
		};
		D442E29C2456FF930089082C /* Build configuration list for PBXNativeTarget "iOS_secondAssignment" */ = {
			isa = XCConfigurationList;
			buildConfigurations = (
				D442E29D2456FF930089082C /* Debug */,
				D442E29E2456FF930089082C /* Release */,
			);
			defaultConfigurationIsVisible = 0;
			defaultConfigurationName = Release;
		};
/* End XCConfigurationList section */
	};
	rootObject = D442E2802456FF930089082C /* Project object */;
}
