// !$*UTF8*$!
{
	archiveVersion = 1;
	classes = {
	};
	objectVersion = 50;
	objects = {

/* Begin PBXBuildFile section */
		D472F0112450447B00D3E530 /* AppDelegate.swift in Sources */ = {isa = PBXBuildFile; fileRef = D472F0102450447B00D3E530 /* AppDelegate.swift */; };
		D472F0132450447B00D3E530 /* SceneDelegate.swift in Sources */ = {isa = PBXBuildFile; fileRef = D472F0122450447B00D3E530 /* SceneDelegate.swift */; };
		D472F0152450447B00D3E530 /* ViewController.swift in Sources */ = {isa = PBXBuildFile; fileRef = D472F0142450447B00D3E530 /* ViewController.swift */; };
		D472F0182450447B00D3E530 /* Main.storyboard in Resources */ = {isa = PBXBuildFile; fileRef = D472F0162450447B00D3E530 /* Main.storyboard */; };
		D472F01A2450447B00D3E530 /* Assets.xcassets in Resources */ = {isa = PBXBuildFile; fileRef = D472F0192450447B00D3E530 /* Assets.xcassets */; };
		D472F01D2450447B00D3E530 /* LaunchScreen.storyboard in Resources */ = {isa = PBXBuildFile; fileRef = D472F01B2450447B00D3E530 /* LaunchScreen.storyboard */; };
/* End PBXBuildFile section */

/* Begin PBXFileReference section */
		D472F00D2450447B00D3E530 /* iOS-firstweek_seminar_assignment.app */ = {isa = PBXFileReference; explicitFileType = wrapper.application; includeInIndex = 0; path = "iOS-firstweek_seminar_assignment.app"; sourceTree = BUILT_PRODUCTS_DIR; };
		D472F0102450447B00D3E530 /* AppDelegate.swift */ = {isa = PBXFileReference; lastKnownFileType = sourcecode.swift; path = AppDelegate.swift; sourceTree = "<group>"; };
		D472F0122450447B00D3E530 /* SceneDelegate.swift */ = {isa = PBXFileReference; lastKnownFileType = sourcecode.swift; path = SceneDelegate.swift; sourceTree = "<group>"; };
		D472F0142450447B00D3E530 /* ViewController.swift */ = {isa = PBXFileReference; lastKnownFileType = sourcecode.swift; path = ViewController.swift; sourceTree = "<group>"; };
		D472F0172450447B00D3E530 /* Base */ = {isa = PBXFileReference; lastKnownFileType = file.storyboard; name = Base; path = Base.lproj/Main.storyboard; sourceTree = "<group>"; };
		D472F0192450447B00D3E530 /* Assets.xcassets */ = {isa = PBXFileReference; lastKnownFileType = folder.assetcatalog; path = Assets.xcassets; sourceTree = "<group>"; };
		D472F01C2450447B00D3E530 /* Base */ = {isa = PBXFileReference; lastKnownFileType = file.storyboard; name = Base; path = Base.lproj/LaunchScreen.storyboard; sourceTree = "<group>"; };
		D472F01E2450447B00D3E530 /* Info.plist */ = {isa = PBXFileReference; lastKnownFileType = text.plist.xml; path = Info.plist; sourceTree = "<group>"; };
/* End PBXFileReference section */

/* Begin PBXFrameworksBuildPhase section */
		D472F00A2450447B00D3E530 /* Frameworks */ = {
			isa = PBXFrameworksBuildPhase;
			buildActionMask = 2147483647;
			files = (
			);
			runOnlyForDeploymentPostprocessing = 0;
		};
/* End PBXFrameworksBuildPhase section */

/* Begin PBXGroup section */
		D472F0042450447B00D3E530 = {
			isa = PBXGroup;
			children = (
				D472F00F2450447B00D3E530 /* iOS-firstweek_seminar_assignment */,
				D472F00E2450447B00D3E530 /* Products */,
			);
			sourceTree = "<group>";
		};
		D472F00E2450447B00D3E530 /* Products */ = {
			isa = PBXGroup;
			children = (
				D472F00D2450447B00D3E530 /* iOS-firstweek_seminar_assignment.app */,
			);
			name = Products;
			sourceTree = "<group>";
		};
		D472F00F2450447B00D3E530 /* iOS-firstweek_seminar_assignment */ = {
			isa = PBXGroup;
			children = (
				D472F0102450447B00D3E530 /* AppDelegate.swift */,
				D472F0122450447B00D3E530 /* SceneDelegate.swift */,
				D472F0142450447B00D3E530 /* ViewController.swift */,
				D472F0162450447B00D3E530 /* Main.storyboard */,
				D472F0192450447B00D3E530 /* Assets.xcassets */,
				D472F01B2450447B00D3E530 /* LaunchScreen.storyboard */,
				D472F01E2450447B00D3E530 /* Info.plist */,
			);
			path = "iOS-firstweek_seminar_assignment";
			sourceTree = "<group>";
		};
/* End PBXGroup section */

/* Begin PBXNativeTarget section */
		D472F00C2450447B00D3E530 /* iOS-firstweek_seminar_assignment */ = {
			isa = PBXNativeTarget;
			buildConfigurationList = D472F0212450447B00D3E530 /* Build configuration list for PBXNativeTarget "iOS-firstweek_seminar_assignment" */;
			buildPhases = (
				D472F0092450447B00D3E530 /* Sources */,
				D472F00A2450447B00D3E530 /* Frameworks */,
				D472F00B2450447B00D3E530 /* Resources */,
			);
			buildRules = (
			);
			dependencies = (
			);
			name = "iOS-firstweek_seminar_assignment";
			productName = "iOS-firstweek_seminar_assignment";
			productReference = D472F00D2450447B00D3E530 /* iOS-firstweek_seminar_assignment.app */;
			productType = "com.apple.product-type.application";
		};
/* End PBXNativeTarget section */

/* Begin PBXProject section */
		D472F0052450447B00D3E530 /* Project object */ = {
			isa = PBXProject;
			attributes = {
				LastSwiftUpdateCheck = 1140;
				LastUpgradeCheck = 1140;
				ORGANIZATIONNAME = "jaeyong Lee";
				TargetAttributes = {
					D472F00C2450447B00D3E530 = {
						CreatedOnToolsVersion = 11.4;
					};
				};
			};
			buildConfigurationList = D472F0082450447B00D3E530 /* Build configuration list for PBXProject "iOS-firstweek_seminar_assignment" */;
			compatibilityVersion = "Xcode 9.3";
			developmentRegion = en;
			hasScannedForEncodings = 0;
			knownRegions = (
				en,
				Base,
			);
			mainGroup = D472F0042450447B00D3E530;
			productRefGroup = D472F00E2450447B00D3E530 /* Products */;
			projectDirPath = "";
			projectRoot = "";
			targets = (
				D472F00C2450447B00D3E530 /* iOS-firstweek_seminar_assignment */,
			);
		};
/* End PBXProject section */

/* Begin PBXResourcesBuildPhase section */
		D472F00B2450447B00D3E530 /* Resources */ = {
			isa = PBXResourcesBuildPhase;
			buildActionMask = 2147483647;
			files = (
				D472F01D2450447B00D3E530 /* LaunchScreen.storyboard in Resources */,
				D472F01A2450447B00D3E530 /* Assets.xcassets in Resources */,
				D472F0182450447B00D3E530 /* Main.storyboard in Resources */,
			);
			runOnlyForDeploymentPostprocessing = 0;
		};
/* End PBXResourcesBuildPhase section */

/* Begin PBXSourcesBuildPhase section */
		D472F0092450447B00D3E530 /* Sources */ = {
			isa = PBXSourcesBuildPhase;
			buildActionMask = 2147483647;
			files = (
				D472F0152450447B00D3E530 /* ViewController.swift in Sources */,
				D472F0112450447B00D3E530 /* AppDelegate.swift in Sources */,
				D472F0132450447B00D3E530 /* SceneDelegate.swift in Sources */,
			);
			runOnlyForDeploymentPostprocessing = 0;
		};
/* End PBXSourcesBuildPhase section */

/* Begin PBXVariantGroup section */
		D472F0162450447B00D3E530 /* Main.storyboard */ = {
			isa = PBXVariantGroup;
			children = (
				D472F0172450447B00D3E530 /* Base */,
			);
			name = Main.storyboard;
			sourceTree = "<group>";
		};
		D472F01B2450447B00D3E530 /* LaunchScreen.storyboard */ = {
			isa = PBXVariantGroup;
			children = (
				D472F01C2450447B00D3E530 /* Base */,
			);
			name = LaunchScreen.storyboard;
			sourceTree = "<group>";
		};
/* End PBXVariantGroup section */

/* Begin XCBuildConfiguration section */
		D472F01F2450447B00D3E530 /* Debug */ = {
			isa = XCBuildConfiguration;
			buildSettings = {
				ALWAYS_SEARCH_USER_PATHS = NO;
				CLANG_ANALYZER_NONNULL = YES;
				CLANG_ANALYZER_NUMBER_OBJECT_CONVERSION = YES_AGGRESSIVE;
				CLANG_CXX_LANGUAGE_STANDARD = "gnu++14";
				CLANG_CXX_LIBRARY = "libc++";
				CLANG_ENABLE_MODULES = YES;
				CLANG_ENABLE_OBJC_ARC = YES;
				CLANG_ENABLE_OBJC_WEAK = YES;
				CLANG_WARN_BLOCK_CAPTURE_AUTORELEASING = YES;
				CLANG_WARN_BOOL_CONVERSION = YES;
				CLANG_WARN_COMMA = YES;
				CLANG_WARN_CONSTANT_CONVERSION = YES;
				CLANG_WARN_DEPRECATED_OBJC_IMPLEMENTATIONS = YES;
				CLANG_WARN_DIRECT_OBJC_ISA_USAGE = YES_ERROR;
				CLANG_WARN_DOCUMENTATION_COMMENTS = YES;
				CLANG_WARN_EMPTY_BODY = YES;
				CLANG_WARN_ENUM_CONVERSION = YES;
				CLANG_WARN_INFINITE_RECURSION = YES;
				CLANG_WARN_INT_CONVERSION = YES;
				CLANG_WARN_NON_LITERAL_NULL_CONVERSION = YES;
				CLANG_WARN_OBJC_IMPLICIT_RETAIN_SELF = YES;
				CLANG_WARN_OBJC_LITERAL_CONVERSION = YES;
				CLANG_WARN_OBJC_ROOT_CLASS = YES_ERROR;
				CLANG_WARN_RANGE_LOOP_ANALYSIS = YES;
				CLANG_WARN_STRICT_PROTOTYPES = YES;
				CLANG_WARN_SUSPICIOUS_MOVE = YES;
				CLANG_WARN_UNGUARDED_AVAILABILITY = YES_AGGRESSIVE;
				CLANG_WARN_UNREACHABLE_CODE = YES;
				CLANG_WARN__DUPLICATE_METHOD_MATCH = YES;
				COPY_PHASE_STRIP = NO;
				DEBUG_INFORMATION_FORMAT = dwarf;
				ENABLE_STRICT_OBJC_MSGSEND = YES;
				ENABLE_TESTABILITY = YES;
				GCC_C_LANGUAGE_STANDARD = gnu11;
				GCC_DYNAMIC_NO_PIC = NO;
				GCC_NO_COMMON_BLOCKS = YES;
				GCC_OPTIMIZATION_LEVEL = 0;
				GCC_PREPROCESSOR_DEFINITIONS = (
					"DEBUG=1",
					"$(inherited)",
				);
				GCC_WARN_64_TO_32_BIT_CONVERSION = YES;
				GCC_WARN_ABOUT_RETURN_TYPE = YES_ERROR;
				GCC_WARN_UNDECLARED_SELECTOR = YES;
				GCC_WARN_UNINITIALIZED_AUTOS = YES_AGGRESSIVE;
				GCC_WARN_UNUSED_FUNCTION = YES;
				GCC_WARN_UNUSED_VARIABLE = YES;
				IPHONEOS_DEPLOYMENT_TARGET = 13.4;
				MTL_ENABLE_DEBUG_INFO = INCLUDE_SOURCE;
				MTL_FAST_MATH = YES;
				ONLY_ACTIVE_ARCH = YES;
				SDKROOT = iphoneos;
				SWIFT_ACTIVE_COMPILATION_CONDITIONS = DEBUG;
				SWIFT_OPTIMIZATION_LEVEL = "-Onone";
			};
			name = Debug;
		};
		D472F0202450447B00D3E530 /* Release */ = {
			isa = XCBuildConfiguration;
			buildSettings = {
				ALWAYS_SEARCH_USER_PATHS = NO;
				CLANG_ANALYZER_NONNULL = YES;
				CLANG_ANALYZER_NUMBER_OBJECT_CONVERSION = YES_AGGRESSIVE;
				CLANG_CXX_LANGUAGE_STANDARD = "gnu++14";
				CLANG_CXX_LIBRARY = "libc++";
				CLANG_ENABLE_MODULES = YES;
				CLANG_ENABLE_OBJC_ARC = YES;
				CLANG_ENABLE_OBJC_WEAK = YES;
				CLANG_WARN_BLOCK_CAPTURE_AUTORELEASING = YES;
				CLANG_WARN_BOOL_CONVERSION = YES;
				CLANG_WARN_COMMA = YES;
				CLANG_WARN_CONSTANT_CONVERSION = YES;
				CLANG_WARN_DEPRECATED_OBJC_IMPLEMENTATIONS = YES;
				CLANG_WARN_DIRECT_OBJC_ISA_USAGE = YES_ERROR;
				CLANG_WARN_DOCUMENTATION_COMMENTS = YES;
				CLANG_WARN_EMPTY_BODY = YES;
				CLANG_WARN_ENUM_CONVERSION = YES;
				CLANG_WARN_INFINITE_RECURSION = YES;
				CLANG_WARN_INT_CONVERSION = YES;
				CLANG_WARN_NON_LITERAL_NULL_CONVERSION = YES;
				CLANG_WARN_OBJC_IMPLICIT_RETAIN_SELF = YES;
				CLANG_WARN_OBJC_LITERAL_CONVERSION = YES;
				CLANG_WARN_OBJC_ROOT_CLASS = YES_ERROR;
				CLANG_WARN_RANGE_LOOP_ANALYSIS = YES;
				CLANG_WARN_STRICT_PROTOTYPES = YES;
				CLANG_WARN_SUSPICIOUS_MOVE = YES;
				CLANG_WARN_UNGUARDED_AVAILABILITY = YES_AGGRESSIVE;
				CLANG_WARN_UNREACHABLE_CODE = YES;
				CLANG_WARN__DUPLICATE_METHOD_MATCH = YES;
				COPY_PHASE_STRIP = NO;
				DEBUG_INFORMATION_FORMAT = "dwarf-with-dsym";
				ENABLE_NS_ASSERTIONS = NO;
				ENABLE_STRICT_OBJC_MSGSEND = YES;
				GCC_C_LANGUAGE_STANDARD = gnu11;
				GCC_NO_COMMON_BLOCKS = YES;
				GCC_WARN_64_TO_32_BIT_CONVERSION = YES;
				GCC_WARN_ABOUT_RETURN_TYPE = YES_ERROR;
				GCC_WARN_UNDECLARED_SELECTOR = YES;
				GCC_WARN_UNINITIALIZED_AUTOS = YES_AGGRESSIVE;
				GCC_WARN_UNUSED_FUNCTION = YES;
				GCC_WARN_UNUSED_VARIABLE = YES;
				IPHONEOS_DEPLOYMENT_TARGET = 13.4;
				MTL_ENABLE_DEBUG_INFO = NO;
				MTL_FAST_MATH = YES;
				SDKROOT = iphoneos;
				SWIFT_COMPILATION_MODE = wholemodule;
				SWIFT_OPTIMIZATION_LEVEL = "-O";
				VALIDATE_PRODUCT = YES;
			};
			name = Release;
		};
		D472F0222450447B00D3E530 /* Debug */ = {
			isa = XCBuildConfiguration;
			buildSettings = {
				ASSETCATALOG_COMPILER_APPICON_NAME = AppIcon;
				CODE_SIGN_STYLE = Automatic;
				DEVELOPMENT_TEAM = TZVHD77BLL;
				INFOPLIST_FILE = "iOS-firstweek_seminar_assignment/Info.plist";
				LD_RUNPATH_SEARCH_PATHS = (
					"$(inherited)",
					"@executable_path/Frameworks",
				);
				PRODUCT_BUNDLE_IDENTIFIER = "com.jaeyong.iOS-firstweek-seminar-assignment";
				PRODUCT_NAME = "$(TARGET_NAME)";
				SWIFT_VERSION = 5.0;
				TARGETED_DEVICE_FAMILY = "1,2";
			};
			name = Debug;
		};
		D472F0232450447B00D3E530 /* Release */ = {
			isa = XCBuildConfiguration;
			buildSettings = {
				ASSETCATALOG_COMPILER_APPICON_NAME = AppIcon;
				CODE_SIGN_STYLE = Automatic;
				DEVELOPMENT_TEAM = TZVHD77BLL;
				INFOPLIST_FILE = "iOS-firstweek_seminar_assignment/Info.plist";
				LD_RUNPATH_SEARCH_PATHS = (
					"$(inherited)",
					"@executable_path/Frameworks",
				);
				PRODUCT_BUNDLE_IDENTIFIER = "com.jaeyong.iOS-firstweek-seminar-assignment";
				PRODUCT_NAME = "$(TARGET_NAME)";
				SWIFT_VERSION = 5.0;
				TARGETED_DEVICE_FAMILY = "1,2";
			};
			name = Release;
		};
/* End XCBuildConfiguration section */

/* Begin XCConfigurationList section */
		D472F0082450447B00D3E530 /* Build configuration list for PBXProject "iOS-firstweek_seminar_assignment" */ = {
			isa = XCConfigurationList;
			buildConfigurations = (
				D472F01F2450447B00D3E530 /* Debug */,
				D472F0202450447B00D3E530 /* Release */,
			);
			defaultConfigurationIsVisible = 0;
			defaultConfigurationName = Release;
		};
		D472F0212450447B00D3E530 /* Build configuration list for PBXNativeTarget "iOS-firstweek_seminar_assignment" */ = {
			isa = XCConfigurationList;
			buildConfigurations = (
				D472F0222450447B00D3E530 /* Debug */,
				D472F0232450447B00D3E530 /* Release */,
			);
			defaultConfigurationIsVisible = 0;
			defaultConfigurationName = Release;
		};
/* End XCConfigurationList section */
	};
	rootObject = D472F0052450447B00D3E530 /* Project object */;
}
