// !$*UTF8*$!
{
	archiveVersion = 1;
	classes = {
	};
	objectVersion = 50;
	objects = {

/* Begin PBXBuildFile section */
		D46247E5246671410036CF34 /* AppDelegate.swift in Sources */ = {isa = PBXBuildFile; fileRef = D46247E4246671410036CF34 /* AppDelegate.swift */; };
		D46247E7246671410036CF34 /* SceneDelegate.swift in Sources */ = {isa = PBXBuildFile; fileRef = D46247E6246671410036CF34 /* SceneDelegate.swift */; };
		D46247E9246671410036CF34 /* ViewController.swift in Sources */ = {isa = PBXBuildFile; fileRef = D46247E8246671410036CF34 /* ViewController.swift */; };
		D46247EC246671410036CF34 /* Main.storyboard in Resources */ = {isa = PBXBuildFile; fileRef = D46247EA246671410036CF34 /* Main.storyboard */; };
		D46247EE246671420036CF34 /* Assets.xcassets in Resources */ = {isa = PBXBuildFile; fileRef = D46247ED246671420036CF34 /* Assets.xcassets */; };
		D46247F1246671420036CF34 /* LaunchScreen.storyboard in Resources */ = {isa = PBXBuildFile; fileRef = D46247EF246671420036CF34 /* LaunchScreen.storyboard */; };
		D46247F924667ABF0036CF34 /* Music.swift in Sources */ = {isa = PBXBuildFile; fileRef = D46247F824667ABF0036CF34 /* Music.swift */; };
		D46247FB246686010036CF34 /* SampleTableViewController.swift in Sources */ = {isa = PBXBuildFile; fileRef = D46247FA246686010036CF34 /* SampleTableViewController.swift */; };
		D46247FD246687B40036CF34 /* WeatherCell.swift in Sources */ = {isa = PBXBuildFile; fileRef = D46247FC246687B40036CF34 /* WeatherCell.swift */; };
		D46247FF24668A360036CF34 /* DateInformation.swift in Sources */ = {isa = PBXBuildFile; fileRef = D46247FE24668A360036CF34 /* DateInformation.swift */; };
		D4624801246695220036CF34 /* DetailViewController.swift in Sources */ = {isa = PBXBuildFile; fileRef = D4624800246695220036CF34 /* DetailViewController.swift */; };
		D462480324669A530036CF34 /* CollectionViewSampleViewController.swift in Sources */ = {isa = PBXBuildFile; fileRef = D462480224669A530036CF34 /* CollectionViewSampleViewController.swift */; };
		D462480524669E0F0036CF34 /* MusicCell.swift in Sources */ = {isa = PBXBuildFile; fileRef = D462480424669E0F0036CF34 /* MusicCell.swift */; };
/* End PBXBuildFile section */

/* Begin PBXFileReference section */
		D46247E1246671410036CF34 /* iOS_thirdWeek_seminar_exercise.app */ = {isa = PBXFileReference; explicitFileType = wrapper.application; includeInIndex = 0; path = iOS_thirdWeek_seminar_exercise.app; sourceTree = BUILT_PRODUCTS_DIR; };
		D46247E4246671410036CF34 /* AppDelegate.swift */ = {isa = PBXFileReference; lastKnownFileType = sourcecode.swift; path = AppDelegate.swift; sourceTree = "<group>"; };
		D46247E6246671410036CF34 /* SceneDelegate.swift */ = {isa = PBXFileReference; lastKnownFileType = sourcecode.swift; path = SceneDelegate.swift; sourceTree = "<group>"; };
		D46247E8246671410036CF34 /* ViewController.swift */ = {isa = PBXFileReference; lastKnownFileType = sourcecode.swift; name = ViewController.swift; path = ../ViewController.swift; sourceTree = "<group>"; };
		D46247EB246671410036CF34 /* Base */ = {isa = PBXFileReference; lastKnownFileType = file.storyboard; name = Base; path = Base.lproj/Main.storyboard; sourceTree = "<group>"; };
		D46247ED246671420036CF34 /* Assets.xcassets */ = {isa = PBXFileReference; lastKnownFileType = folder.assetcatalog; path = Assets.xcassets; sourceTree = "<group>"; };
		D46247F0246671420036CF34 /* Base */ = {isa = PBXFileReference; lastKnownFileType = file.storyboard; name = Base; path = Base.lproj/LaunchScreen.storyboard; sourceTree = "<group>"; };
		D46247F2246671420036CF34 /* Info.plist */ = {isa = PBXFileReference; lastKnownFileType = text.plist.xml; path = Info.plist; sourceTree = "<group>"; };
		D46247F824667ABF0036CF34 /* Music.swift */ = {isa = PBXFileReference; lastKnownFileType = sourcecode.swift; path = Music.swift; sourceTree = "<group>"; };
		D46247FA246686010036CF34 /* SampleTableViewController.swift */ = {isa = PBXFileReference; lastKnownFileType = sourcecode.swift; name = SampleTableViewController.swift; path = ../SampleTableViewController.swift; sourceTree = "<group>"; };
		D46247FC246687B40036CF34 /* WeatherCell.swift */ = {isa = PBXFileReference; lastKnownFileType = sourcecode.swift; path = WeatherCell.swift; sourceTree = "<group>"; };
		D46247FE24668A360036CF34 /* DateInformation.swift */ = {isa = PBXFileReference; lastKnownFileType = sourcecode.swift; path = DateInformation.swift; sourceTree = "<group>"; };
		D4624800246695220036CF34 /* DetailViewController.swift */ = {isa = PBXFileReference; lastKnownFileType = sourcecode.swift; name = DetailViewController.swift; path = ../DetailViewController.swift; sourceTree = "<group>"; };
		D462480224669A530036CF34 /* CollectionViewSampleViewController.swift */ = {isa = PBXFileReference; lastKnownFileType = sourcecode.swift; name = CollectionViewSampleViewController.swift; path = ../CollectionViewSampleViewController.swift; sourceTree = "<group>"; };
		D462480424669E0F0036CF34 /* MusicCell.swift */ = {isa = PBXFileReference; lastKnownFileType = sourcecode.swift; path = MusicCell.swift; sourceTree = "<group>"; };
/* End PBXFileReference section */

/* Begin PBXFrameworksBuildPhase section */
		D46247DE246671410036CF34 /* Frameworks */ = {
			isa = PBXFrameworksBuildPhase;
			buildActionMask = 2147483647;
			files = (
			);
			runOnlyForDeploymentPostprocessing = 0;
		};
/* End PBXFrameworksBuildPhase section */

/* Begin PBXGroup section */
		D44F639B2466DEED0003DDC0 /* ViewController */ = {
			isa = PBXGroup;
			children = (
				D46247E8246671410036CF34 /* ViewController.swift */,
				D462480224669A530036CF34 /* CollectionViewSampleViewController.swift */,
				D4624800246695220036CF34 /* DetailViewController.swift */,
				D46247FA246686010036CF34 /* SampleTableViewController.swift */,
			);
			path = ViewController;
			sourceTree = "<group>";
		};
		D46247D8246671410036CF34 = {
			isa = PBXGroup;
			children = (
				D46247E3246671410036CF34 /* iOS_thirdWeek_seminar_exercise */,
				D46247E2246671410036CF34 /* Products */,
			);
			sourceTree = "<group>";
		};
		D46247E2246671410036CF34 /* Products */ = {
			isa = PBXGroup;
			children = (
				D46247E1246671410036CF34 /* iOS_thirdWeek_seminar_exercise.app */,
			);
			name = Products;
			sourceTree = "<group>";
		};
		D46247E3246671410036CF34 /* iOS_thirdWeek_seminar_exercise */ = {
			isa = PBXGroup;
			children = (
				D46247E4246671410036CF34 /* AppDelegate.swift */,
				D46247E6246671410036CF34 /* SceneDelegate.swift */,
				D44F639B2466DEED0003DDC0 /* ViewController */,
				D46247EA246671410036CF34 /* Main.storyboard */,
				D462480424669E0F0036CF34 /* MusicCell.swift */,
				D46247FC246687B40036CF34 /* WeatherCell.swift */,
				D46247FE24668A360036CF34 /* DateInformation.swift */,
				D46247F824667ABF0036CF34 /* Music.swift */,
				D46247ED246671420036CF34 /* Assets.xcassets */,
				D46247EF246671420036CF34 /* LaunchScreen.storyboard */,
				D46247F2246671420036CF34 /* Info.plist */,
			);
			path = iOS_thirdWeek_seminar_exercise;
			sourceTree = "<group>";
		};
/* End PBXGroup section */

/* Begin PBXNativeTarget section */
		D46247E0246671410036CF34 /* iOS_thirdWeek_seminar_exercise */ = {
			isa = PBXNativeTarget;
			buildConfigurationList = D46247F5246671420036CF34 /* Build configuration list for PBXNativeTarget "iOS_thirdWeek_seminar_exercise" */;
			buildPhases = (
				D46247DD246671410036CF34 /* Sources */,
				D46247DE246671410036CF34 /* Frameworks */,
				D46247DF246671410036CF34 /* Resources */,
			);
			buildRules = (
			);
			dependencies = (
			);
			name = iOS_thirdWeek_seminar_exercise;
			productName = iOS_thirdWeek_seminar_exercise;
			productReference = D46247E1246671410036CF34 /* iOS_thirdWeek_seminar_exercise.app */;
			productType = "com.apple.product-type.application";
		};
/* End PBXNativeTarget section */

/* Begin PBXProject section */
		D46247D9246671410036CF34 /* Project object */ = {
			isa = PBXProject;
			attributes = {
				LastSwiftUpdateCheck = 1140;
				LastUpgradeCheck = 1140;
				ORGANIZATIONNAME = "jaeyong Lee";
				TargetAttributes = {
					D46247E0246671410036CF34 = {
						CreatedOnToolsVersion = 11.4.1;
					};
				};
			};
			buildConfigurationList = D46247DC246671410036CF34 /* Build configuration list for PBXProject "iOS_thirdWeek_seminar_exercise" */;
			compatibilityVersion = "Xcode 9.3";
			developmentRegion = en;
			hasScannedForEncodings = 0;
			knownRegions = (
				en,
				Base,
			);
			mainGroup = D46247D8246671410036CF34;
			productRefGroup = D46247E2246671410036CF34 /* Products */;
			projectDirPath = "";
			projectRoot = "";
			targets = (
				D46247E0246671410036CF34 /* iOS_thirdWeek_seminar_exercise */,
			);
		};
/* End PBXProject section */

/* Begin PBXResourcesBuildPhase section */
		D46247DF246671410036CF34 /* Resources */ = {
			isa = PBXResourcesBuildPhase;
			buildActionMask = 2147483647;
			files = (
				D46247F1246671420036CF34 /* LaunchScreen.storyboard in Resources */,
				D46247EE246671420036CF34 /* Assets.xcassets in Resources */,
				D46247EC246671410036CF34 /* Main.storyboard in Resources */,
			);
			runOnlyForDeploymentPostprocessing = 0;
		};
/* End PBXResourcesBuildPhase section */

/* Begin PBXSourcesBuildPhase section */
		D46247DD246671410036CF34 /* Sources */ = {
			isa = PBXSourcesBuildPhase;
			buildActionMask = 2147483647;
			files = (
				D46247E9246671410036CF34 /* ViewController.swift in Sources */,
				D46247E5246671410036CF34 /* AppDelegate.swift in Sources */,
				D46247FD246687B40036CF34 /* WeatherCell.swift in Sources */,
				D46247E7246671410036CF34 /* SceneDelegate.swift in Sources */,
				D46247FB246686010036CF34 /* SampleTableViewController.swift in Sources */,
				D462480524669E0F0036CF34 /* MusicCell.swift in Sources */,
				D46247F924667ABF0036CF34 /* Music.swift in Sources */,
				D46247FF24668A360036CF34 /* DateInformation.swift in Sources */,
				D462480324669A530036CF34 /* CollectionViewSampleViewController.swift in Sources */,
				D4624801246695220036CF34 /* DetailViewController.swift in Sources */,
			);
			runOnlyForDeploymentPostprocessing = 0;
		};
/* End PBXSourcesBuildPhase section */

/* Begin PBXVariantGroup section */
		D46247EA246671410036CF34 /* Main.storyboard */ = {
			isa = PBXVariantGroup;
			children = (
				D46247EB246671410036CF34 /* Base */,
			);
			name = Main.storyboard;
			sourceTree = "<group>";
		};
		D46247EF246671420036CF34 /* LaunchScreen.storyboard */ = {
			isa = PBXVariantGroup;
			children = (
				D46247F0246671420036CF34 /* Base */,
			);
			name = LaunchScreen.storyboard;
			sourceTree = "<group>";
		};
/* End PBXVariantGroup section */

/* Begin XCBuildConfiguration section */
		D46247F3246671420036CF34 /* Debug */ = {
			isa = XCBuildConfiguration;
			buildSettings = {
				ALWAYS_SEARCH_USER_PATHS = NO;
				CLANG_ANALYZER_NONNULL = YES;
				CLANG_ANALYZER_NUMBER_OBJECT_CONVERSION = YES_AGGRESSIVE;
				CLANG_CXX_LANGUAGE_STANDARD = "gnu++14";
				CLANG_CXX_LIBRARY = "libc++";
				CLANG_ENABLE_MODULES = YES;
				CLANG_ENABLE_OBJC_ARC = YES;
				CLANG_ENABLE_OBJC_WEAK = YES;
				CLANG_WARN_BLOCK_CAPTURE_AUTORELEASING = YES;
				CLANG_WARN_BOOL_CONVERSION = YES;
				CLANG_WARN_COMMA = YES;
				CLANG_WARN_CONSTANT_CONVERSION = YES;
				CLANG_WARN_DEPRECATED_OBJC_IMPLEMENTATIONS = YES;
				CLANG_WARN_DIRECT_OBJC_ISA_USAGE = YES_ERROR;
				CLANG_WARN_DOCUMENTATION_COMMENTS = YES;
				CLANG_WARN_EMPTY_BODY = YES;
				CLANG_WARN_ENUM_CONVERSION = YES;
				CLANG_WARN_INFINITE_RECURSION = YES;
				CLANG_WARN_INT_CONVERSION = YES;
				CLANG_WARN_NON_LITERAL_NULL_CONVERSION = YES;
				CLANG_WARN_OBJC_IMPLICIT_RETAIN_SELF = YES;
				CLANG_WARN_OBJC_LITERAL_CONVERSION = YES;
				CLANG_WARN_OBJC_ROOT_CLASS = YES_ERROR;
				CLANG_WARN_RANGE_LOOP_ANALYSIS = YES;
				CLANG_WARN_STRICT_PROTOTYPES = YES;
				CLANG_WARN_SUSPICIOUS_MOVE = YES;
				CLANG_WARN_UNGUARDED_AVAILABILITY = YES_AGGRESSIVE;
				CLANG_WARN_UNREACHABLE_CODE = YES;
				CLANG_WARN__DUPLICATE_METHOD_MATCH = YES;
				COPY_PHASE_STRIP = NO;
				DEBUG_INFORMATION_FORMAT = dwarf;
				ENABLE_STRICT_OBJC_MSGSEND = YES;
				ENABLE_TESTABILITY = YES;
				GCC_C_LANGUAGE_STANDARD = gnu11;
				GCC_DYNAMIC_NO_PIC = NO;
				GCC_NO_COMMON_BLOCKS = YES;
				GCC_OPTIMIZATION_LEVEL = 0;
				GCC_PREPROCESSOR_DEFINITIONS = (
					"DEBUG=1",
					"$(inherited)",
				);
				GCC_WARN_64_TO_32_BIT_CONVERSION = YES;
				GCC_WARN_ABOUT_RETURN_TYPE = YES_ERROR;
				GCC_WARN_UNDECLARED_SELECTOR = YES;
				GCC_WARN_UNINITIALIZED_AUTOS = YES_AGGRESSIVE;
				GCC_WARN_UNUSED_FUNCTION = YES;
				GCC_WARN_UNUSED_VARIABLE = YES;
				IPHONEOS_DEPLOYMENT_TARGET = 13.4;
				MTL_ENABLE_DEBUG_INFO = INCLUDE_SOURCE;
				MTL_FAST_MATH = YES;
				ONLY_ACTIVE_ARCH = YES;
				SDKROOT = iphoneos;
				SWIFT_ACTIVE_COMPILATION_CONDITIONS = DEBUG;
				SWIFT_OPTIMIZATION_LEVEL = "-Onone";
			};
			name = Debug;
		};
		D46247F4246671420036CF34 /* Release */ = {
			isa = XCBuildConfiguration;
			buildSettings = {
				ALWAYS_SEARCH_USER_PATHS = NO;
				CLANG_ANALYZER_NONNULL = YES;
				CLANG_ANALYZER_NUMBER_OBJECT_CONVERSION = YES_AGGRESSIVE;
				CLANG_CXX_LANGUAGE_STANDARD = "gnu++14";
				CLANG_CXX_LIBRARY = "libc++";
				CLANG_ENABLE_MODULES = YES;
				CLANG_ENABLE_OBJC_ARC = YES;
				CLANG_ENABLE_OBJC_WEAK = YES;
				CLANG_WARN_BLOCK_CAPTURE_AUTORELEASING = YES;
				CLANG_WARN_BOOL_CONVERSION = YES;
				CLANG_WARN_COMMA = YES;
				CLANG_WARN_CONSTANT_CONVERSION = YES;
				CLANG_WARN_DEPRECATED_OBJC_IMPLEMENTATIONS = YES;
				CLANG_WARN_DIRECT_OBJC_ISA_USAGE = YES_ERROR;
				CLANG_WARN_DOCUMENTATION_COMMENTS = YES;
				CLANG_WARN_EMPTY_BODY = YES;
				CLANG_WARN_ENUM_CONVERSION = YES;
				CLANG_WARN_INFINITE_RECURSION = YES;
				CLANG_WARN_INT_CONVERSION = YES;
				CLANG_WARN_NON_LITERAL_NULL_CONVERSION = YES;
				CLANG_WARN_OBJC_IMPLICIT_RETAIN_SELF = YES;
				CLANG_WARN_OBJC_LITERAL_CONVERSION = YES;
				CLANG_WARN_OBJC_ROOT_CLASS = YES_ERROR;
				CLANG_WARN_RANGE_LOOP_ANALYSIS = YES;
				CLANG_WARN_STRICT_PROTOTYPES = YES;
				CLANG_WARN_SUSPICIOUS_MOVE = YES;
				CLANG_WARN_UNGUARDED_AVAILABILITY = YES_AGGRESSIVE;
				CLANG_WARN_UNREACHABLE_CODE = YES;
				CLANG_WARN__DUPLICATE_METHOD_MATCH = YES;
				COPY_PHASE_STRIP = NO;
				DEBUG_INFORMATION_FORMAT = "dwarf-with-dsym";
				ENABLE_NS_ASSERTIONS = NO;
				ENABLE_STRICT_OBJC_MSGSEND = YES;
				GCC_C_LANGUAGE_STANDARD = gnu11;
				GCC_NO_COMMON_BLOCKS = YES;
				GCC_WARN_64_TO_32_BIT_CONVERSION = YES;
				GCC_WARN_ABOUT_RETURN_TYPE = YES_ERROR;
				GCC_WARN_UNDECLARED_SELECTOR = YES;
				GCC_WARN_UNINITIALIZED_AUTOS = YES_AGGRESSIVE;
				GCC_WARN_UNUSED_FUNCTION = YES;
				GCC_WARN_UNUSED_VARIABLE = YES;
				IPHONEOS_DEPLOYMENT_TARGET = 13.4;
				MTL_ENABLE_DEBUG_INFO = NO;
				MTL_FAST_MATH = YES;
				SDKROOT = iphoneos;
				SWIFT_COMPILATION_MODE = wholemodule;
				SWIFT_OPTIMIZATION_LEVEL = "-O";
				VALIDATE_PRODUCT = YES;
			};
			name = Release;
		};
		D46247F6246671420036CF34 /* Debug */ = {
			isa = XCBuildConfiguration;
			buildSettings = {
				ASSETCATALOG_COMPILER_APPICON_NAME = AppIcon;
				CODE_SIGN_STYLE = Automatic;
				DEVELOPMENT_TEAM = TZVHD77BLL;
				INFOPLIST_FILE = iOS_thirdWeek_seminar_exercise/Info.plist;
				LD_RUNPATH_SEARCH_PATHS = (
					"$(inherited)",
					"@executable_path/Frameworks",
				);
				PRODUCT_BUNDLE_IDENTIFIER = "com.jaeyong.iOS-thirdWeek-seminar-exercise";
				PRODUCT_NAME = "$(TARGET_NAME)";
				SWIFT_VERSION = 5.0;
				TARGETED_DEVICE_FAMILY = "1,2";
			};
			name = Debug;
		};
		D46247F7246671420036CF34 /* Release */ = {
			isa = XCBuildConfiguration;
			buildSettings = {
				ASSETCATALOG_COMPILER_APPICON_NAME = AppIcon;
				CODE_SIGN_STYLE = Automatic;
				DEVELOPMENT_TEAM = TZVHD77BLL;
				INFOPLIST_FILE = iOS_thirdWeek_seminar_exercise/Info.plist;
				LD_RUNPATH_SEARCH_PATHS = (
					"$(inherited)",
					"@executable_path/Frameworks",
				);
				PRODUCT_BUNDLE_IDENTIFIER = "com.jaeyong.iOS-thirdWeek-seminar-exercise";
				PRODUCT_NAME = "$(TARGET_NAME)";
				SWIFT_VERSION = 5.0;
				TARGETED_DEVICE_FAMILY = "1,2";
			};
			name = Release;
		};
/* End XCBuildConfiguration section */

/* Begin XCConfigurationList section */
		D46247DC246671410036CF34 /* Build configuration list for PBXProject "iOS_thirdWeek_seminar_exercise" */ = {
			isa = XCConfigurationList;
			buildConfigurations = (
				D46247F3246671420036CF34 /* Debug */,
				D46247F4246671420036CF34 /* Release */,
			);
			defaultConfigurationIsVisible = 0;
			defaultConfigurationName = Release;
		};
		D46247F5246671420036CF34 /* Build configuration list for PBXNativeTarget "iOS_thirdWeek_seminar_exercise" */ = {
			isa = XCConfigurationList;
			buildConfigurations = (
				D46247F6246671420036CF34 /* Debug */,
				D46247F7246671420036CF34 /* Release */,
			);
			defaultConfigurationIsVisible = 0;
			defaultConfigurationName = Release;
		};
/* End XCConfigurationList section */
	};
	rootObject = D46247D9246671410036CF34 /* Project object */;
}
